// !$*UTF8*$!
{
	archiveVersion = 1;
	classes = {
	};
	objectVersion = 51;
	objects = {

/* Begin PBXBuildFile section */
		4D398DEDF8849AC133C82990 /* Pods_IntervalTests.framework in Frameworks */ = {isa = PBXBuildFile; fileRef = CA2C46EBEB7910136E9133D2 /* Pods_IntervalTests.framework */; };
		4E6BA18FBF7143D560EBAA6A /* Pods_Interval_IntervalUITests.framework in Frameworks */ = {isa = PBXBuildFile; fileRef = 523B622B0E93F23FCDBDEF71 /* Pods_Interval_IntervalUITests.framework */; };
		DE0F99DC252254A5006079E1 /* DataController.swift in Sources */ = {isa = PBXBuildFile; fileRef = DE0F99DB252254A5006079E1 /* DataController.swift */; };
		DE2685D01CDE8ED900742BF7 /* ComplicationDataHelper.swift in Sources */ = {isa = PBXBuildFile; fileRef = DE2685CF1CDE8ED900742BF7 /* ComplicationDataHelper.swift */; };
		DE2DED021F311C6100058A4A /* CounterTableViewCell.swift in Sources */ = {isa = PBXBuildFile; fileRef = DE2DED011F311C6100058A4A /* CounterTableViewCell.swift */; };
		DE2DED041F311DD700058A4A /* CounterListTableViewController.swift in Sources */ = {isa = PBXBuildFile; fileRef = DE2DED031F311DD700058A4A /* CounterListTableViewController.swift */; };
		DE2DED081F312C8000058A4A /* CounterDetailTableViewController.swift in Sources */ = {isa = PBXBuildFile; fileRef = DE2DED071F312C8000058A4A /* CounterDetailTableViewController.swift */; };
		DE2DED101F324E0600058A4A /* WatchCounter.swift in Sources */ = {isa = PBXBuildFile; fileRef = DE2DED0F1F324E0500058A4A /* WatchCounter.swift */; };
		DE2DED121F3270B700058A4A /* EditDateInterfaceController.swift in Sources */ = {isa = PBXBuildFile; fileRef = DE2DED111F3270B700058A4A /* EditDateInterfaceController.swift */; };
		DE4F8F2C1DC4567000E15F17 /* ClockKit.framework in Frameworks */ = {isa = PBXBuildFile; fileRef = DE4F8F2B1DC4567000E15F17 /* ClockKit.framework */; settings = {ATTRIBUTES = (Weak, ); }; };
		DE5126481D527E750010DDC1 /* .gitignore in Resources */ = {isa = PBXBuildFile; fileRef = DE5126471D527E750010DDC1 /* .gitignore */; };
		DE676D091F423E5F0006CD11 /* Launch.storyboard in Resources */ = {isa = PBXBuildFile; fileRef = DE676D081F423E5F0006CD11 /* Launch.storyboard */; };
		DE7A83AB2523EC4D005F75D4 /* LegacyDataController.swift in Sources */ = {isa = PBXBuildFile; fileRef = DE7A83AA2523EC4D005F75D4 /* LegacyDataController.swift */; };
		DE7EBB742522A11F0061F38F /* CounterDataModel.xcdatamodeld in Sources */ = {isa = PBXBuildFile; fileRef = DE7EBB722522A11F0061F38F /* CounterDataModel.xcdatamodeld */; };
		DE7EBB8B2522A1BD0061F38F /* Counter+CoreDataClass.swift in Sources */ = {isa = PBXBuildFile; fileRef = DE7EBB892522A1BD0061F38F /* Counter+CoreDataClass.swift */; };
		DE7EBB8C2522A1BD0061F38F /* Counter+CoreDataProperties.swift in Sources */ = {isa = PBXBuildFile; fileRef = DE7EBB8A2522A1BD0061F38F /* Counter+CoreDataProperties.swift */; };
		DE8DBD66252282CB008A75C3 /* RoundedCornerButton.swift in Sources */ = {isa = PBXBuildFile; fileRef = DE8DBD65252282CB008A75C3 /* RoundedCornerButton.swift */; };
		DEABF5DE252657740092F0F9 /* DataControllerMock.swift in Sources */ = {isa = PBXBuildFile; fileRef = DEABF5DD252657740092F0F9 /* DataControllerMock.swift */; };
		DEABF5EA252660440092F0F9 /* DataControllerTest.swift in Sources */ = {isa = PBXBuildFile; fileRef = DEABF5E9252660440092F0F9 /* DataControllerTest.swift */; };
		DEAC75D025097CC800062809 /* RoundedCornerView.swift in Sources */ = {isa = PBXBuildFile; fileRef = DEAC75CF25097CC800062809 /* RoundedCornerView.swift */; };
		DEB467A8252563C200BC8A74 /* TestDataController.swift in Sources */ = {isa = PBXBuildFile; fileRef = DEB467A7252563C200BC8A74 /* TestDataController.swift */; };
		DEB467AD252565A200BC8A74 /* CounterTest.swift in Sources */ = {isa = PBXBuildFile; fileRef = DEB467AC252565A200BC8A74 /* CounterTest.swift */; };
		DEC0FA1B1D95B8BA0003C6F8 /* RateStatus.swift in Sources */ = {isa = PBXBuildFile; fileRef = DEC0FA1A1D95B8BA0003C6F8 /* RateStatus.swift */; };
		DEF28D071CADCDDE00D50DC1 /* IntervalTests.swift in Sources */ = {isa = PBXBuildFile; fileRef = DEF28D061CADCDDE00D50DC1 /* IntervalTests.swift */; };
		DEF28D121CADCDDE00D50DC1 /* IntervalUITests.swift in Sources */ = {isa = PBXBuildFile; fileRef = DEF28D111CADCDDE00D50DC1 /* IntervalUITests.swift */; };
		DEF28D171CADCDDE00D50DC1 /* Interval WatchKit App.app in Embed Watch Content */ = {isa = PBXBuildFile; fileRef = DEF28D161CADCDDE00D50DC1 /* Interval WatchKit App.app */; };
		DEF28D1D1CADCDDE00D50DC1 /* Interface.storyboard in Resources */ = {isa = PBXBuildFile; fileRef = DEF28D1B1CADCDDE00D50DC1 /* Interface.storyboard */; };
		DEF28D1F1CADCDDE00D50DC1 /* Assets.xcassets in Resources */ = {isa = PBXBuildFile; fileRef = DEF28D1E1CADCDDE00D50DC1 /* Assets.xcassets */; };
		DEF28D261CADCDDE00D50DC1 /* Interval WatchKit Extension.appex in Embed App Extensions */ = {isa = PBXBuildFile; fileRef = DEF28D251CADCDDE00D50DC1 /* Interval WatchKit Extension.appex */; settings = {ATTRIBUTES = (RemoveHeadersOnCopy, ); }; };
		DEF28D2D1CADCDDE00D50DC1 /* InterfaceController.swift in Sources */ = {isa = PBXBuildFile; fileRef = DEF28D2C1CADCDDE00D50DC1 /* InterfaceController.swift */; };
		DEF28D2F1CADCDDE00D50DC1 /* ExtensionDelegate.swift in Sources */ = {isa = PBXBuildFile; fileRef = DEF28D2E1CADCDDE00D50DC1 /* ExtensionDelegate.swift */; };
		DEF28D311CADCDDE00D50DC1 /* NotificationController.swift in Sources */ = {isa = PBXBuildFile; fileRef = DEF28D301CADCDDE00D50DC1 /* NotificationController.swift */; };
		DEF28D351CADCDDE00D50DC1 /* ComplicationController.swift in Sources */ = {isa = PBXBuildFile; fileRef = DEF28D341CADCDDE00D50DC1 /* ComplicationController.swift */; };
		DEF28D371CADCDDE00D50DC1 /* Assets.xcassets in Resources */ = {isa = PBXBuildFile; fileRef = DEF28D361CADCDDE00D50DC1 /* Assets.xcassets */; };
		DEF9977E1D1DC61E00DAD02E /* AppDelegate.swift in Sources */ = {isa = PBXBuildFile; fileRef = DEF9977D1D1DC61E00DAD02E /* AppDelegate.swift */; };
		DEF997881D1DC69400DAD02E /* LaunchScreen.storyboard in Resources */ = {isa = PBXBuildFile; fileRef = DEF9977F1D1DC69400DAD02E /* LaunchScreen.storyboard */; };
		DEF997891D1DC69400DAD02E /* Colors.swift in Sources */ = {isa = PBXBuildFile; fileRef = DEF997801D1DC69400DAD02E /* Colors.swift */; };
		DEF9978A1D1DC69400DAD02E /* WatchDataTranslator.swift in Sources */ = {isa = PBXBuildFile; fileRef = DEF997811D1DC69400DAD02E /* WatchDataTranslator.swift */; };
		DEF9978B1D1DC69400DAD02E /* WatchCommunicator.swift in Sources */ = {isa = PBXBuildFile; fileRef = DEF997821D1DC69400DAD02E /* WatchCommunicator.swift */; };
		DEF9978C1D1DC69400DAD02E /* Extensions.swift in Sources */ = {isa = PBXBuildFile; fileRef = DEF997831D1DC69400DAD02E /* Extensions.swift */; };
		DEF9978D1D1DC69400DAD02E /* HelpViewController.swift in Sources */ = {isa = PBXBuildFile; fileRef = DEF997841D1DC69400DAD02E /* HelpViewController.swift */; };
		DEF9978E1D1DC69400DAD02E /* Interval.swift in Sources */ = {isa = PBXBuildFile; fileRef = DEF997851D1DC69400DAD02E /* Interval.swift */; };
		DEF997921D1DC6B100DAD02E /* Assets.xcassets in Resources */ = {isa = PBXBuildFile; fileRef = DEF997911D1DC6B100DAD02E /* Assets.xcassets */; };
		DEF997941D1DC75C00DAD02E /* Main.storyboard in Resources */ = {isa = PBXBuildFile; fileRef = DEF997931D1DC75C00DAD02E /* Main.storyboard */; };
		FB8A8E12F07D05B5AB8D98DC /* Pods_Interval.framework in Frameworks */ = {isa = PBXBuildFile; fileRef = 2F08B65C31E59DD4B36890AE /* Pods_Interval.framework */; };
/* End PBXBuildFile section */

/* Begin PBXContainerItemProxy section */
		DEF28D031CADCDDE00D50DC1 /* PBXContainerItemProxy */ = {
			isa = PBXContainerItemProxy;
			containerPortal = DEF28CE61CADCDDE00D50DC1 /* Project object */;
			proxyType = 1;
			remoteGlobalIDString = DEF28CED1CADCDDE00D50DC1;
			remoteInfo = Interval;
		};
		DEF28D0E1CADCDDE00D50DC1 /* PBXContainerItemProxy */ = {
			isa = PBXContainerItemProxy;
			containerPortal = DEF28CE61CADCDDE00D50DC1 /* Project object */;
			proxyType = 1;
			remoteGlobalIDString = DEF28CED1CADCDDE00D50DC1;
			remoteInfo = Interval;
		};
		DEF28D181CADCDDE00D50DC1 /* PBXContainerItemProxy */ = {
			isa = PBXContainerItemProxy;
			containerPortal = DEF28CE61CADCDDE00D50DC1 /* Project object */;
			proxyType = 1;
			remoteGlobalIDString = DEF28D151CADCDDE00D50DC1;
			remoteInfo = "Interval WatchKit App";
		};
		DEF28D271CADCDDE00D50DC1 /* PBXContainerItemProxy */ = {
			isa = PBXContainerItemProxy;
			containerPortal = DEF28CE61CADCDDE00D50DC1 /* Project object */;
			proxyType = 1;
			remoteGlobalIDString = DEF28D241CADCDDE00D50DC1;
			remoteInfo = "Interval WatchKit Extension";
		};
/* End PBXContainerItemProxy section */

/* Begin PBXCopyFilesBuildPhase section */
		DE002C951CAF2AF100FE65CE /* Embed Frameworks */ = {
			isa = PBXCopyFilesBuildPhase;
			buildActionMask = 2147483647;
			dstPath = "";
			dstSubfolderSpec = 10;
			files = (
			);
			name = "Embed Frameworks";
			runOnlyForDeploymentPostprocessing = 0;
		};
		DE23179D1CAF17D1007D605C /* Embed Frameworks */ = {
			isa = PBXCopyFilesBuildPhase;
			buildActionMask = 2147483647;
			dstPath = "";
			dstSubfolderSpec = 10;
			files = (
			);
			name = "Embed Frameworks";
			runOnlyForDeploymentPostprocessing = 0;
		};
		DEF28D3E1CADCDDE00D50DC1 /* Embed App Extensions */ = {
			isa = PBXCopyFilesBuildPhase;
			buildActionMask = 2147483647;
			dstPath = "";
			dstSubfolderSpec = 13;
			files = (
				DEF28D261CADCDDE00D50DC1 /* Interval WatchKit Extension.appex in Embed App Extensions */,
			);
			name = "Embed App Extensions";
			runOnlyForDeploymentPostprocessing = 0;
		};
		DEF28D421CADCDDE00D50DC1 /* Embed Watch Content */ = {
			isa = PBXCopyFilesBuildPhase;
			buildActionMask = 2147483647;
			dstPath = "$(CONTENTS_FOLDER_PATH)/Watch";
			dstSubfolderSpec = 16;
			files = (
				DEF28D171CADCDDE00D50DC1 /* Interval WatchKit App.app in Embed Watch Content */,
			);
			name = "Embed Watch Content";
			runOnlyForDeploymentPostprocessing = 0;
		};
/* End PBXCopyFilesBuildPhase section */

/* Begin PBXFileReference section */
		1C4155DC408156CEAAB96283 /* Pods-Interval-IntervalUITests.release.xcconfig */ = {isa = PBXFileReference; includeInIndex = 1; lastKnownFileType = text.xcconfig; name = "Pods-Interval-IntervalUITests.release.xcconfig"; path = "Target Support Files/Pods-Interval-IntervalUITests/Pods-Interval-IntervalUITests.release.xcconfig"; sourceTree = "<group>"; };
		2F08B65C31E59DD4B36890AE /* Pods_Interval.framework */ = {isa = PBXFileReference; explicitFileType = wrapper.framework; includeInIndex = 0; path = Pods_Interval.framework; sourceTree = BUILT_PRODUCTS_DIR; };
		308EA1BC7949C9DCC13E449D /* Pods-Interval-IntervalUITests.debug.xcconfig */ = {isa = PBXFileReference; includeInIndex = 1; lastKnownFileType = text.xcconfig; name = "Pods-Interval-IntervalUITests.debug.xcconfig"; path = "Target Support Files/Pods-Interval-IntervalUITests/Pods-Interval-IntervalUITests.debug.xcconfig"; sourceTree = "<group>"; };
		370BA3137EC74607617B34D4 /* Pods-IntervalTests.release.xcconfig */ = {isa = PBXFileReference; includeInIndex = 1; lastKnownFileType = text.xcconfig; name = "Pods-IntervalTests.release.xcconfig"; path = "Target Support Files/Pods-IntervalTests/Pods-IntervalTests.release.xcconfig"; sourceTree = "<group>"; };
		3D2F376DC2C00827AA433FDD /* Pods-Interval.debug.xcconfig */ = {isa = PBXFileReference; includeInIndex = 1; lastKnownFileType = text.xcconfig; name = "Pods-Interval.debug.xcconfig"; path = "Target Support Files/Pods-Interval/Pods-Interval.debug.xcconfig"; sourceTree = "<group>"; };
		523B622B0E93F23FCDBDEF71 /* Pods_Interval_IntervalUITests.framework */ = {isa = PBXFileReference; explicitFileType = wrapper.framework; includeInIndex = 0; path = Pods_Interval_IntervalUITests.framework; sourceTree = BUILT_PRODUCTS_DIR; };
		93040A6E39196CE7B9FA0F96 /* Pods-IntervalTests.debug.xcconfig */ = {isa = PBXFileReference; includeInIndex = 1; lastKnownFileType = text.xcconfig; name = "Pods-IntervalTests.debug.xcconfig"; path = "Target Support Files/Pods-IntervalTests/Pods-IntervalTests.debug.xcconfig"; sourceTree = "<group>"; };
		B08E3EDC8CE8AAEA643EC6E3 /* Pods-Interval.release.xcconfig */ = {isa = PBXFileReference; includeInIndex = 1; lastKnownFileType = text.xcconfig; name = "Pods-Interval.release.xcconfig"; path = "Target Support Files/Pods-Interval/Pods-Interval.release.xcconfig"; sourceTree = "<group>"; };
		CA2C46EBEB7910136E9133D2 /* Pods_IntervalTests.framework */ = {isa = PBXFileReference; explicitFileType = wrapper.framework; includeInIndex = 0; path = Pods_IntervalTests.framework; sourceTree = BUILT_PRODUCTS_DIR; };
		DE002C881CAF24D300FE65CE /* Interval WatchKit Extension.entitlements */ = {isa = PBXFileReference; lastKnownFileType = text.xml; path = "Interval WatchKit Extension.entitlements"; sourceTree = "<group>"; };
		DE002C891CAF254100FE65CE /* Interval WatchKit App.entitlements */ = {isa = PBXFileReference; lastKnownFileType = text.xml; path = "Interval WatchKit App.entitlements"; sourceTree = "<group>"; };
		DE0F99DB252254A5006079E1 /* DataController.swift */ = {isa = PBXFileReference; lastKnownFileType = sourcecode.swift; path = DataController.swift; sourceTree = "<group>"; };
		DE23177D1CAF163A007D605C /* Interval.entitlements */ = {isa = PBXFileReference; lastKnownFileType = text.xml; path = Interval.entitlements; sourceTree = "<group>"; };
		DE2685CF1CDE8ED900742BF7 /* ComplicationDataHelper.swift */ = {isa = PBXFileReference; fileEncoding = 4; lastKnownFileType = sourcecode.swift; path = ComplicationDataHelper.swift; sourceTree = "<group>"; };
		DE2DED011F311C6100058A4A /* CounterTableViewCell.swift */ = {isa = PBXFileReference; fileEncoding = 4; lastKnownFileType = sourcecode.swift; path = CounterTableViewCell.swift; sourceTree = "<group>"; };
		DE2DED031F311DD700058A4A /* CounterListTableViewController.swift */ = {isa = PBXFileReference; fileEncoding = 4; lastKnownFileType = sourcecode.swift; path = CounterListTableViewController.swift; sourceTree = "<group>"; };
		DE2DED071F312C8000058A4A /* CounterDetailTableViewController.swift */ = {isa = PBXFileReference; fileEncoding = 4; lastKnownFileType = sourcecode.swift; path = CounterDetailTableViewController.swift; sourceTree = "<group>"; };
		DE2DED0F1F324E0500058A4A /* WatchCounter.swift */ = {isa = PBXFileReference; fileEncoding = 4; lastKnownFileType = sourcecode.swift; path = WatchCounter.swift; sourceTree = "<group>"; };
		DE2DED111F3270B700058A4A /* EditDateInterfaceController.swift */ = {isa = PBXFileReference; fileEncoding = 4; lastKnownFileType = sourcecode.swift; path = EditDateInterfaceController.swift; sourceTree = "<group>"; };
		DE4F8F2B1DC4567000E15F17 /* ClockKit.framework */ = {isa = PBXFileReference; lastKnownFileType = wrapper.framework; name = ClockKit.framework; path = Platforms/WatchOS.platform/Developer/SDKs/WatchOS3.0.sdk/System/Library/Frameworks/ClockKit.framework; sourceTree = DEVELOPER_DIR; };
		DE5126471D527E750010DDC1 /* .gitignore */ = {isa = PBXFileReference; fileEncoding = 4; lastKnownFileType = text; path = .gitignore; sourceTree = "<group>"; };
		DE676D081F423E5F0006CD11 /* Launch.storyboard */ = {isa = PBXFileReference; fileEncoding = 4; lastKnownFileType = file.storyboard; path = Launch.storyboard; sourceTree = "<group>"; };
		DE7A83AA2523EC4D005F75D4 /* LegacyDataController.swift */ = {isa = PBXFileReference; lastKnownFileType = sourcecode.swift; path = LegacyDataController.swift; sourceTree = "<group>"; };
		DE7EBB732522A11F0061F38F /* CounterDataModel.xcdatamodel */ = {isa = PBXFileReference; lastKnownFileType = wrapper.xcdatamodel; path = CounterDataModel.xcdatamodel; sourceTree = "<group>"; };
		DE7EBB892522A1BD0061F38F /* Counter+CoreDataClass.swift */ = {isa = PBXFileReference; lastKnownFileType = sourcecode.swift; path = "Counter+CoreDataClass.swift"; sourceTree = SOURCE_ROOT; };
		DE7EBB8A2522A1BD0061F38F /* Counter+CoreDataProperties.swift */ = {isa = PBXFileReference; lastKnownFileType = sourcecode.swift; path = "Counter+CoreDataProperties.swift"; sourceTree = SOURCE_ROOT; };
		DE8DBD65252282CB008A75C3 /* RoundedCornerButton.swift */ = {isa = PBXFileReference; lastKnownFileType = sourcecode.swift; path = RoundedCornerButton.swift; sourceTree = "<group>"; };
		DEABF5DD252657740092F0F9 /* DataControllerMock.swift */ = {isa = PBXFileReference; lastKnownFileType = sourcecode.swift; path = DataControllerMock.swift; sourceTree = "<group>"; };
		DEABF5E9252660440092F0F9 /* DataControllerTest.swift */ = {isa = PBXFileReference; lastKnownFileType = sourcecode.swift; path = DataControllerTest.swift; sourceTree = "<group>"; };
		DEAC75CF25097CC800062809 /* RoundedCornerView.swift */ = {isa = PBXFileReference; lastKnownFileType = sourcecode.swift; path = RoundedCornerView.swift; sourceTree = "<group>"; };
		DEB467A7252563C200BC8A74 /* TestDataController.swift */ = {isa = PBXFileReference; lastKnownFileType = sourcecode.swift; path = TestDataController.swift; sourceTree = "<group>"; };
		DEB467AC252565A200BC8A74 /* CounterTest.swift */ = {isa = PBXFileReference; lastKnownFileType = sourcecode.swift; path = CounterTest.swift; sourceTree = "<group>"; };
		DEC0FA1A1D95B8BA0003C6F8 /* RateStatus.swift */ = {isa = PBXFileReference; fileEncoding = 4; lastKnownFileType = sourcecode.swift; path = RateStatus.swift; sourceTree = "<group>"; };
		DEF28CEE1CADCDDE00D50DC1 /* Interval.app */ = {isa = PBXFileReference; explicitFileType = wrapper.application; includeInIndex = 0; path = Interval.app; sourceTree = BUILT_PRODUCTS_DIR; };
		DEF28CFD1CADCDDE00D50DC1 /* Info.plist */ = {isa = PBXFileReference; lastKnownFileType = text.plist.xml; path = Info.plist; sourceTree = "<group>"; };
		DEF28D021CADCDDE00D50DC1 /* IntervalTests.xctest */ = {isa = PBXFileReference; explicitFileType = wrapper.cfbundle; includeInIndex = 0; path = IntervalTests.xctest; sourceTree = BUILT_PRODUCTS_DIR; };
		DEF28D061CADCDDE00D50DC1 /* IntervalTests.swift */ = {isa = PBXFileReference; lastKnownFileType = sourcecode.swift; path = IntervalTests.swift; sourceTree = "<group>"; };
		DEF28D081CADCDDE00D50DC1 /* Info.plist */ = {isa = PBXFileReference; lastKnownFileType = text.plist.xml; path = Info.plist; sourceTree = "<group>"; };
		DEF28D0D1CADCDDE00D50DC1 /* IntervalUITests.xctest */ = {isa = PBXFileReference; explicitFileType = wrapper.cfbundle; includeInIndex = 0; path = IntervalUITests.xctest; sourceTree = BUILT_PRODUCTS_DIR; };
		DEF28D111CADCDDE00D50DC1 /* IntervalUITests.swift */ = {isa = PBXFileReference; lastKnownFileType = sourcecode.swift; path = IntervalUITests.swift; sourceTree = "<group>"; };
		DEF28D131CADCDDE00D50DC1 /* Info.plist */ = {isa = PBXFileReference; lastKnownFileType = text.plist.xml; path = Info.plist; sourceTree = "<group>"; };
		DEF28D161CADCDDE00D50DC1 /* Interval WatchKit App.app */ = {isa = PBXFileReference; explicitFileType = wrapper.application; includeInIndex = 0; path = "Interval WatchKit App.app"; sourceTree = BUILT_PRODUCTS_DIR; };
		DEF28D1C1CADCDDE00D50DC1 /* Base */ = {isa = PBXFileReference; lastKnownFileType = file.storyboard; name = Base; path = Base.lproj/Interface.storyboard; sourceTree = "<group>"; };
		DEF28D1E1CADCDDE00D50DC1 /* Assets.xcassets */ = {isa = PBXFileReference; lastKnownFileType = folder.assetcatalog; path = Assets.xcassets; sourceTree = "<group>"; };
		DEF28D201CADCDDE00D50DC1 /* Info.plist */ = {isa = PBXFileReference; lastKnownFileType = text.plist.xml; path = Info.plist; sourceTree = "<group>"; };
		DEF28D251CADCDDE00D50DC1 /* Interval WatchKit Extension.appex */ = {isa = PBXFileReference; explicitFileType = "wrapper.app-extension"; includeInIndex = 0; path = "Interval WatchKit Extension.appex"; sourceTree = BUILT_PRODUCTS_DIR; };
		DEF28D2C1CADCDDE00D50DC1 /* InterfaceController.swift */ = {isa = PBXFileReference; lastKnownFileType = sourcecode.swift; path = InterfaceController.swift; sourceTree = "<group>"; };
		DEF28D2E1CADCDDE00D50DC1 /* ExtensionDelegate.swift */ = {isa = PBXFileReference; lastKnownFileType = sourcecode.swift; path = ExtensionDelegate.swift; sourceTree = "<group>"; };
		DEF28D301CADCDDE00D50DC1 /* NotificationController.swift */ = {isa = PBXFileReference; lastKnownFileType = sourcecode.swift; path = NotificationController.swift; sourceTree = "<group>"; };
		DEF28D341CADCDDE00D50DC1 /* ComplicationController.swift */ = {isa = PBXFileReference; lastKnownFileType = sourcecode.swift; path = ComplicationController.swift; sourceTree = "<group>"; };
		DEF28D361CADCDDE00D50DC1 /* Assets.xcassets */ = {isa = PBXFileReference; lastKnownFileType = folder.assetcatalog; path = Assets.xcassets; sourceTree = "<group>"; };
		DEF28D381CADCDDE00D50DC1 /* Info.plist */ = {isa = PBXFileReference; lastKnownFileType = text.plist.xml; path = Info.plist; sourceTree = "<group>"; };
		DEF9977D1D1DC61E00DAD02E /* AppDelegate.swift */ = {isa = PBXFileReference; fileEncoding = 4; lastKnownFileType = sourcecode.swift; path = AppDelegate.swift; sourceTree = "<group>"; };
		DEF9977F1D1DC69400DAD02E /* LaunchScreen.storyboard */ = {isa = PBXFileReference; fileEncoding = 4; lastKnownFileType = file.storyboard; path = LaunchScreen.storyboard; sourceTree = "<group>"; };
		DEF997801D1DC69400DAD02E /* Colors.swift */ = {isa = PBXFileReference; fileEncoding = 4; lastKnownFileType = sourcecode.swift; path = Colors.swift; sourceTree = "<group>"; };
		DEF997811D1DC69400DAD02E /* WatchDataTranslator.swift */ = {isa = PBXFileReference; fileEncoding = 4; lastKnownFileType = sourcecode.swift; path = WatchDataTranslator.swift; sourceTree = "<group>"; };
		DEF997821D1DC69400DAD02E /* WatchCommunicator.swift */ = {isa = PBXFileReference; fileEncoding = 4; lastKnownFileType = sourcecode.swift; path = WatchCommunicator.swift; sourceTree = "<group>"; };
		DEF997831D1DC69400DAD02E /* Extensions.swift */ = {isa = PBXFileReference; fileEncoding = 4; lastKnownFileType = sourcecode.swift; path = Extensions.swift; sourceTree = "<group>"; };
		DEF997841D1DC69400DAD02E /* HelpViewController.swift */ = {isa = PBXFileReference; fileEncoding = 4; lastKnownFileType = sourcecode.swift; path = HelpViewController.swift; sourceTree = "<group>"; };
		DEF997851D1DC69400DAD02E /* Interval.swift */ = {isa = PBXFileReference; fileEncoding = 4; lastKnownFileType = sourcecode.swift; path = Interval.swift; sourceTree = "<group>"; };
		DEF997911D1DC6B100DAD02E /* Assets.xcassets */ = {isa = PBXFileReference; lastKnownFileType = folder.assetcatalog; path = Assets.xcassets; sourceTree = "<group>"; };
		DEF997931D1DC75C00DAD02E /* Main.storyboard */ = {isa = PBXFileReference; fileEncoding = 4; lastKnownFileType = file.storyboard; path = Main.storyboard; sourceTree = "<group>"; };
/* End PBXFileReference section */

/* Begin PBXFrameworksBuildPhase section */
		9F4AA8BDF254270175F12540 /* Frameworks */ = {
			isa = PBXFrameworksBuildPhase;
			buildActionMask = 2147483647;
			files = (
			);
			runOnlyForDeploymentPostprocessing = 0;
		};
		DEF28CEB1CADCDDE00D50DC1 /* Frameworks */ = {
			isa = PBXFrameworksBuildPhase;
			buildActionMask = 2147483647;
			files = (
				FB8A8E12F07D05B5AB8D98DC /* Pods_Interval.framework in Frameworks */,
			);
			runOnlyForDeploymentPostprocessing = 0;
		};
		DEF28CFF1CADCDDE00D50DC1 /* Frameworks */ = {
			isa = PBXFrameworksBuildPhase;
			buildActionMask = 2147483647;
			files = (
				4D398DEDF8849AC133C82990 /* Pods_IntervalTests.framework in Frameworks */,
			);
			runOnlyForDeploymentPostprocessing = 0;
		};
		DEF28D0A1CADCDDE00D50DC1 /* Frameworks */ = {
			isa = PBXFrameworksBuildPhase;
			buildActionMask = 2147483647;
			files = (
				4E6BA18FBF7143D560EBAA6A /* Pods_Interval_IntervalUITests.framework in Frameworks */,
			);
			runOnlyForDeploymentPostprocessing = 0;
		};
		DEF28D221CADCDDE00D50DC1 /* Frameworks */ = {
			isa = PBXFrameworksBuildPhase;
			buildActionMask = 2147483647;
			files = (
				DE4F8F2C1DC4567000E15F17 /* ClockKit.framework in Frameworks */,
			);
			runOnlyForDeploymentPostprocessing = 0;
		};
/* End PBXFrameworksBuildPhase section */

/* Begin PBXGroup section */
		9E06B3F59DEE5537A8A7E272 /* Pods */ = {
			isa = PBXGroup;
			children = (
				3D2F376DC2C00827AA433FDD /* Pods-Interval.debug.xcconfig */,
				B08E3EDC8CE8AAEA643EC6E3 /* Pods-Interval.release.xcconfig */,
				308EA1BC7949C9DCC13E449D /* Pods-Interval-IntervalUITests.debug.xcconfig */,
				1C4155DC408156CEAAB96283 /* Pods-Interval-IntervalUITests.release.xcconfig */,
				93040A6E39196CE7B9FA0F96 /* Pods-IntervalTests.debug.xcconfig */,
				370BA3137EC74607617B34D4 /* Pods-IntervalTests.release.xcconfig */,
			);
			path = Pods;
			sourceTree = "<group>";
		};
		DE4F8F2A1DC4566F00E15F17 /* Frameworks */ = {
			isa = PBXGroup;
			children = (
				DE4F8F2B1DC4567000E15F17 /* ClockKit.framework */,
				2F08B65C31E59DD4B36890AE /* Pods_Interval.framework */,
				523B622B0E93F23FCDBDEF71 /* Pods_Interval_IntervalUITests.framework */,
				CA2C46EBEB7910136E9133D2 /* Pods_IntervalTests.framework */,
			);
			name = Frameworks;
			sourceTree = "<group>";
		};
		DEABF5D3252655FE0092F0F9 /* Model */ = {
			isa = PBXGroup;
			children = (
				DEB467AC252565A200BC8A74 /* CounterTest.swift */,
				DEABF5DD252657740092F0F9 /* DataControllerMock.swift */,
				DEABF5E9252660440092F0F9 /* DataControllerTest.swift */,
				DEF28D061CADCDDE00D50DC1 /* IntervalTests.swift */,
			);
			path = Model;
			sourceTree = "<group>";
		};
		DED2F8352501AEB400BACD1C /* Model */ = {
			isa = PBXGroup;
			children = (
				DE7EBB892522A1BD0061F38F /* Counter+CoreDataClass.swift */,
				DE7EBB8A2522A1BD0061F38F /* Counter+CoreDataProperties.swift */,
				DE0F99DB252254A5006079E1 /* DataController.swift */,
				DEF997821D1DC69400DAD02E /* WatchCommunicator.swift */,
				DE7A83AA2523EC4D005F75D4 /* LegacyDataController.swift */,
				DEF997811D1DC69400DAD02E /* WatchDataTranslator.swift */,
				DEC0FA1A1D95B8BA0003C6F8 /* RateStatus.swift */,
				DEF997851D1DC69400DAD02E /* Interval.swift */,
				DEF997801D1DC69400DAD02E /* Colors.swift */,
				DEF997831D1DC69400DAD02E /* Extensions.swift */,
				DE7EBB722522A11F0061F38F /* CounterDataModel.xcdatamodeld */,
			);
			path = Model;
			sourceTree = "<group>";
		};
		DED2F8362501AECD00BACD1C /* View */ = {
			isa = PBXGroup;
			children = (
				DEF997931D1DC75C00DAD02E /* Main.storyboard */,
				DE2DED011F311C6100058A4A /* CounterTableViewCell.swift */,
				DEF9977F1D1DC69400DAD02E /* LaunchScreen.storyboard */,
				DE676D081F423E5F0006CD11 /* Launch.storyboard */,
				DEAC75CF25097CC800062809 /* RoundedCornerView.swift */,
				DE8DBD65252282CB008A75C3 /* RoundedCornerButton.swift */,
			);
			path = View;
			sourceTree = "<group>";
		};
		DED2F8372501AED500BACD1C /* Controller */ = {
			isa = PBXGroup;
			children = (
				DE2DED031F311DD700058A4A /* CounterListTableViewController.swift */,
				DE2DED071F312C8000058A4A /* CounterDetailTableViewController.swift */,
				DEF997841D1DC69400DAD02E /* HelpViewController.swift */,
			);
			path = Controller;
			sourceTree = "<group>";
		};
		DEEA5F031CAF651800F1CBA7 /* Supporting Files */ = {
			isa = PBXGroup;
			children = (
				DEF28CFD1CADCDDE00D50DC1 /* Info.plist */,
				DE23177D1CAF163A007D605C /* Interval.entitlements */,
			);
			name = "Supporting Files";
			sourceTree = "<group>";
		};
		DEF28CE51CADCDDE00D50DC1 = {
			isa = PBXGroup;
			children = (
				DEF28CF01CADCDDE00D50DC1 /* Interval */,
				DEF28D051CADCDDE00D50DC1 /* IntervalTests */,
				DEF28D101CADCDDE00D50DC1 /* IntervalUITests */,
				DEF28D1A1CADCDDE00D50DC1 /* Interval WatchKit App */,
				DEF28D291CADCDDE00D50DC1 /* Interval WatchKit Extension */,
				DEF28CEF1CADCDDE00D50DC1 /* Products */,
				DE4F8F2A1DC4566F00E15F17 /* Frameworks */,
				9E06B3F59DEE5537A8A7E272 /* Pods */,
			);
			sourceTree = "<group>";
		};
		DEF28CEF1CADCDDE00D50DC1 /* Products */ = {
			isa = PBXGroup;
			children = (
				DEF28CEE1CADCDDE00D50DC1 /* Interval.app */,
				DEF28D021CADCDDE00D50DC1 /* IntervalTests.xctest */,
				DEF28D0D1CADCDDE00D50DC1 /* IntervalUITests.xctest */,
				DEF28D161CADCDDE00D50DC1 /* Interval WatchKit App.app */,
				DEF28D251CADCDDE00D50DC1 /* Interval WatchKit Extension.appex */,
			);
			name = Products;
			sourceTree = "<group>";
		};
		DEF28CF01CADCDDE00D50DC1 /* Interval */ = {
			isa = PBXGroup;
			children = (
				DEF9977D1D1DC61E00DAD02E /* AppDelegate.swift */,
				DE5126471D527E750010DDC1 /* .gitignore */,
				DED2F8372501AED500BACD1C /* Controller */,
				DED2F8362501AECD00BACD1C /* View */,
				DED2F8352501AEB400BACD1C /* Model */,
				DEF997911D1DC6B100DAD02E /* Assets.xcassets */,
				DEEA5F031CAF651800F1CBA7 /* Supporting Files */,
			);
			path = Interval;
			sourceTree = "<group>";
		};
		DEF28D051CADCDDE00D50DC1 /* IntervalTests */ = {
			isa = PBXGroup;
			children = (
				DEABF5D3252655FE0092F0F9 /* Model */,
				DEB467A7252563C200BC8A74 /* TestDataController.swift */,
				DEF28D081CADCDDE00D50DC1 /* Info.plist */,
			);
			path = IntervalTests;
			sourceTree = "<group>";
		};
		DEF28D101CADCDDE00D50DC1 /* IntervalUITests */ = {
			isa = PBXGroup;
			children = (
				DEF28D111CADCDDE00D50DC1 /* IntervalUITests.swift */,
				DEF28D131CADCDDE00D50DC1 /* Info.plist */,
			);
			path = IntervalUITests;
			sourceTree = "<group>";
		};
		DEF28D1A1CADCDDE00D50DC1 /* Interval WatchKit App */ = {
			isa = PBXGroup;
			children = (
				DE002C891CAF254100FE65CE /* Interval WatchKit App.entitlements */,
				DEF28D1B1CADCDDE00D50DC1 /* Interface.storyboard */,
				DEF28D1E1CADCDDE00D50DC1 /* Assets.xcassets */,
				DEF28D201CADCDDE00D50DC1 /* Info.plist */,
			);
			path = "Interval WatchKit App";
			sourceTree = "<group>";
		};
		DEF28D291CADCDDE00D50DC1 /* Interval WatchKit Extension */ = {
			isa = PBXGroup;
			children = (
				DE002C881CAF24D300FE65CE /* Interval WatchKit Extension.entitlements */,
				DEF28D2C1CADCDDE00D50DC1 /* InterfaceController.swift */,
				DE2DED111F3270B700058A4A /* EditDateInterfaceController.swift */,
				DEF28D2E1CADCDDE00D50DC1 /* ExtensionDelegate.swift */,
				DE2685CF1CDE8ED900742BF7 /* ComplicationDataHelper.swift */,
				DE2DED0F1F324E0500058A4A /* WatchCounter.swift */,
				DEF28D301CADCDDE00D50DC1 /* NotificationController.swift */,
				DEF28D341CADCDDE00D50DC1 /* ComplicationController.swift */,
				DEF28D361CADCDDE00D50DC1 /* Assets.xcassets */,
				DEF28D381CADCDDE00D50DC1 /* Info.plist */,
				DEF28D2A1CADCDDE00D50DC1 /* Supporting Files */,
			);
			path = "Interval WatchKit Extension";
			sourceTree = "<group>";
		};
		DEF28D2A1CADCDDE00D50DC1 /* Supporting Files */ = {
			isa = PBXGroup;
			children = (
			);
			name = "Supporting Files";
			sourceTree = "<group>";
		};
/* End PBXGroup section */

/* Begin PBXNativeTarget section */
		DEF28CED1CADCDDE00D50DC1 /* Interval */ = {
			isa = PBXNativeTarget;
			buildConfigurationList = DEF28D431CADCDDE00D50DC1 /* Build configuration list for PBXNativeTarget "Interval" */;
			buildPhases = (
				3E9409F052DB42BD9E73D68E /* [CP] Check Pods Manifest.lock */,
				DEF28CEA1CADCDDE00D50DC1 /* Sources */,
				DEF28CEB1CADCDDE00D50DC1 /* Frameworks */,
				DEF28CEC1CADCDDE00D50DC1 /* Resources */,
				DEF28D421CADCDDE00D50DC1 /* Embed Watch Content */,
				DE23179D1CAF17D1007D605C /* Embed Frameworks */,
				DE7A83952523B6D9005F75D4 /* ShellScript */,
			);
			buildRules = (
			);
			dependencies = (
				DEF28D191CADCDDE00D50DC1 /* PBXTargetDependency */,
			);
			name = Interval;
			productName = Interval;
			productReference = DEF28CEE1CADCDDE00D50DC1 /* Interval.app */;
			productType = "com.apple.product-type.application";
		};
		DEF28D011CADCDDE00D50DC1 /* IntervalTests */ = {
			isa = PBXNativeTarget;
			buildConfigurationList = DEF28D461CADCDDE00D50DC1 /* Build configuration list for PBXNativeTarget "IntervalTests" */;
			buildPhases = (
				E1C731FA0AFFAE616DC33576 /* [CP] Check Pods Manifest.lock */,
				DEF28CFE1CADCDDE00D50DC1 /* Sources */,
				DEF28CFF1CADCDDE00D50DC1 /* Frameworks */,
				DEF28D001CADCDDE00D50DC1 /* Resources */,
			);
			buildRules = (
			);
			dependencies = (
				DEF28D041CADCDDE00D50DC1 /* PBXTargetDependency */,
			);
			name = IntervalTests;
			productName = IntervalTests;
			productReference = DEF28D021CADCDDE00D50DC1 /* IntervalTests.xctest */;
			productType = "com.apple.product-type.bundle.unit-test";
		};
		DEF28D0C1CADCDDE00D50DC1 /* IntervalUITests */ = {
			isa = PBXNativeTarget;
			buildConfigurationList = DEF28D491CADCDDE00D50DC1 /* Build configuration list for PBXNativeTarget "IntervalUITests" */;
			buildPhases = (
				E9C8904EDC21F2EB10F579B7 /* [CP] Check Pods Manifest.lock */,
				DEF28D091CADCDDE00D50DC1 /* Sources */,
				DEF28D0A1CADCDDE00D50DC1 /* Frameworks */,
				DEF28D0B1CADCDDE00D50DC1 /* Resources */,
			);
			buildRules = (
			);
			dependencies = (
				DEF28D0F1CADCDDE00D50DC1 /* PBXTargetDependency */,
			);
			name = IntervalUITests;
			productName = IntervalUITests;
			productReference = DEF28D0D1CADCDDE00D50DC1 /* IntervalUITests.xctest */;
			productType = "com.apple.product-type.bundle.ui-testing";
		};
		DEF28D151CADCDDE00D50DC1 /* Interval WatchKit App */ = {
			isa = PBXNativeTarget;
			buildConfigurationList = DEF28D3F1CADCDDE00D50DC1 /* Build configuration list for PBXNativeTarget "Interval WatchKit App" */;
			buildPhases = (
				DEF28D141CADCDDE00D50DC1 /* Resources */,
				DEF28D3E1CADCDDE00D50DC1 /* Embed App Extensions */,
				9F4AA8BDF254270175F12540 /* Frameworks */,
			);
			buildRules = (
			);
			dependencies = (
				DEF28D281CADCDDE00D50DC1 /* PBXTargetDependency */,
			);
			name = "Interval WatchKit App";
			productName = "Interval WatchKit App";
			productReference = DEF28D161CADCDDE00D50DC1 /* Interval WatchKit App.app */;
			productType = "com.apple.product-type.application.watchapp2";
		};
		DEF28D241CADCDDE00D50DC1 /* Interval WatchKit Extension */ = {
			isa = PBXNativeTarget;
			buildConfigurationList = DEF28D3B1CADCDDE00D50DC1 /* Build configuration list for PBXNativeTarget "Interval WatchKit Extension" */;
			buildPhases = (
				DEF28D211CADCDDE00D50DC1 /* Sources */,
				DEF28D221CADCDDE00D50DC1 /* Frameworks */,
				DEF28D231CADCDDE00D50DC1 /* Resources */,
				DE002C951CAF2AF100FE65CE /* Embed Frameworks */,
			);
			buildRules = (
			);
			dependencies = (
			);
			name = "Interval WatchKit Extension";
			productName = "Interval WatchKit Extension";
			productReference = DEF28D251CADCDDE00D50DC1 /* Interval WatchKit Extension.appex */;
			productType = "com.apple.product-type.watchkit2-extension";
		};
/* End PBXNativeTarget section */

/* Begin PBXProject section */
		DEF28CE61CADCDDE00D50DC1 /* Project object */ = {
			isa = PBXProject;
			attributes = {
				LastSwiftUpdateCheck = 0730;
				LastUpgradeCheck = 1200;
				ORGANIZATIONNAME = "Wes Moore";
				TargetAttributes = {
					DEF28CED1CADCDDE00D50DC1 = {
						CreatedOnToolsVersion = 7.3;
						DevelopmentTeam = QMD339GZVQ;
						LastSwiftMigration = 1130;
						SystemCapabilities = {
							com.apple.ApplicationGroups.iOS = {
								enabled = 0;
							};
							com.apple.Push = {
								enabled = 0;
							};
						};
					};
					DEF28D011CADCDDE00D50DC1 = {
						CreatedOnToolsVersion = 7.3;
						LastSwiftMigration = 1130;
						TestTargetID = DEF28CED1CADCDDE00D50DC1;
					};
					DEF28D0C1CADCDDE00D50DC1 = {
						CreatedOnToolsVersion = 7.3;
						LastSwiftMigration = 1130;
						TestTargetID = DEF28CED1CADCDDE00D50DC1;
					};
					DEF28D151CADCDDE00D50DC1 = {
						CreatedOnToolsVersion = 7.3;
						DevelopmentTeam = QMD339GZVQ;
						LastSwiftMigration = 0800;
						SystemCapabilities = {
							com.apple.ApplicationGroups.iOS = {
								enabled = 1;
							};
						};
					};
					DEF28D241CADCDDE00D50DC1 = {
						CreatedOnToolsVersion = 7.3;
						DevelopmentTeam = QMD339GZVQ;
						LastSwiftMigration = 1130;
						SystemCapabilities = {
							com.apple.ApplicationGroups.iOS = {
								enabled = 1;
							};
						};
					};
				};
			};
			buildConfigurationList = DEF28CE91CADCDDE00D50DC1 /* Build configuration list for PBXProject "Interval" */;
			compatibilityVersion = "Xcode 10.0";
			developmentRegion = en;
			hasScannedForEncodings = 0;
			knownRegions = (
				en,
				Base,
			);
			mainGroup = DEF28CE51CADCDDE00D50DC1;
			productRefGroup = DEF28CEF1CADCDDE00D50DC1 /* Products */;
			projectDirPath = "";
			projectRoot = "";
			targets = (
				DEF28CED1CADCDDE00D50DC1 /* Interval */,
				DEF28D011CADCDDE00D50DC1 /* IntervalTests */,
				DEF28D0C1CADCDDE00D50DC1 /* IntervalUITests */,
				DEF28D151CADCDDE00D50DC1 /* Interval WatchKit App */,
				DEF28D241CADCDDE00D50DC1 /* Interval WatchKit Extension */,
			);
		};
/* End PBXProject section */

/* Begin PBXResourcesBuildPhase section */
		DEF28CEC1CADCDDE00D50DC1 /* Resources */ = {
			isa = PBXResourcesBuildPhase;
			buildActionMask = 2147483647;
			files = (
				DE5126481D527E750010DDC1 /* .gitignore in Resources */,
				DE676D091F423E5F0006CD11 /* Launch.storyboard in Resources */,
				DEF997941D1DC75C00DAD02E /* Main.storyboard in Resources */,
				DEF997881D1DC69400DAD02E /* LaunchScreen.storyboard in Resources */,
				DEF997921D1DC6B100DAD02E /* Assets.xcassets in Resources */,
			);
			runOnlyForDeploymentPostprocessing = 0;
		};
		DEF28D001CADCDDE00D50DC1 /* Resources */ = {
			isa = PBXResourcesBuildPhase;
			buildActionMask = 2147483647;
			files = (
			);
			runOnlyForDeploymentPostprocessing = 0;
		};
		DEF28D0B1CADCDDE00D50DC1 /* Resources */ = {
			isa = PBXResourcesBuildPhase;
			buildActionMask = 2147483647;
			files = (
			);
			runOnlyForDeploymentPostprocessing = 0;
		};
		DEF28D141CADCDDE00D50DC1 /* Resources */ = {
			isa = PBXResourcesBuildPhase;
			buildActionMask = 2147483647;
			files = (
				DEF28D1F1CADCDDE00D50DC1 /* Assets.xcassets in Resources */,
				DEF28D1D1CADCDDE00D50DC1 /* Interface.storyboard in Resources */,
			);
			runOnlyForDeploymentPostprocessing = 0;
		};
		DEF28D231CADCDDE00D50DC1 /* Resources */ = {
			isa = PBXResourcesBuildPhase;
			buildActionMask = 2147483647;
			files = (
				DEF28D371CADCDDE00D50DC1 /* Assets.xcassets in Resources */,
			);
			runOnlyForDeploymentPostprocessing = 0;
		};
/* End PBXResourcesBuildPhase section */

/* Begin PBXShellScriptBuildPhase section */
		3E9409F052DB42BD9E73D68E /* [CP] Check Pods Manifest.lock */ = {
			isa = PBXShellScriptBuildPhase;
			buildActionMask = 2147483647;
			files = (
			);
			inputFileListPaths = (
			);
			inputPaths = (
				"${PODS_PODFILE_DIR_PATH}/Podfile.lock",
				"${PODS_ROOT}/Manifest.lock",
			);
			name = "[CP] Check Pods Manifest.lock";
			outputFileListPaths = (
			);
			outputPaths = (
				"$(DERIVED_FILE_DIR)/Pods-Interval-checkManifestLockResult.txt",
			);
			runOnlyForDeploymentPostprocessing = 0;
			shellPath = /bin/sh;
			shellScript = "diff \"${PODS_PODFILE_DIR_PATH}/Podfile.lock\" \"${PODS_ROOT}/Manifest.lock\" > /dev/null\nif [ $? != 0 ] ; then\n    # print error to STDERR\n    echo \"error: The sandbox is not in sync with the Podfile.lock. Run 'pod install' or update your CocoaPods installation.\" >&2\n    exit 1\nfi\n# This output is used by Xcode 'outputs' to avoid re-running this script phase.\necho \"SUCCESS\" > \"${SCRIPT_OUTPUT_FILE_0}\"\n";
			showEnvVarsInLog = 0;
		};
		DE7A83952523B6D9005F75D4 /* ShellScript */ = {
			isa = PBXShellScriptBuildPhase;
			buildActionMask = 2147483647;
			files = (
			);
			inputFileListPaths = (
			);
			inputPaths = (
			);
			outputFileListPaths = (
			);
			outputPaths = (
			);
			runOnlyForDeploymentPostprocessing = 0;
			shellPath = /bin/sh;
			shellScript = "#if which swiftlint >/dev/null; then\n#  swiftlint\n#else\n#  echo \"warning: SwiftLint not installed, download from https://github.com/realm/SwiftLint\"\n#fi\n";
		};
		E1C731FA0AFFAE616DC33576 /* [CP] Check Pods Manifest.lock */ = {
			isa = PBXShellScriptBuildPhase;
			buildActionMask = 2147483647;
			files = (
			);
			inputFileListPaths = (
			);
			inputPaths = (
				"${PODS_PODFILE_DIR_PATH}/Podfile.lock",
				"${PODS_ROOT}/Manifest.lock",
			);
			name = "[CP] Check Pods Manifest.lock";
			outputFileListPaths = (
			);
			outputPaths = (
				"$(DERIVED_FILE_DIR)/Pods-IntervalTests-checkManifestLockResult.txt",
			);
			runOnlyForDeploymentPostprocessing = 0;
			shellPath = /bin/sh;
			shellScript = "diff \"${PODS_PODFILE_DIR_PATH}/Podfile.lock\" \"${PODS_ROOT}/Manifest.lock\" > /dev/null\nif [ $? != 0 ] ; then\n    # print error to STDERR\n    echo \"error: The sandbox is not in sync with the Podfile.lock. Run 'pod install' or update your CocoaPods installation.\" >&2\n    exit 1\nfi\n# This output is used by Xcode 'outputs' to avoid re-running this script phase.\necho \"SUCCESS\" > \"${SCRIPT_OUTPUT_FILE_0}\"\n";
			showEnvVarsInLog = 0;
		};
		E9C8904EDC21F2EB10F579B7 /* [CP] Check Pods Manifest.lock */ = {
			isa = PBXShellScriptBuildPhase;
			buildActionMask = 2147483647;
			files = (
			);
			inputFileListPaths = (
			);
			inputPaths = (
				"${PODS_PODFILE_DIR_PATH}/Podfile.lock",
				"${PODS_ROOT}/Manifest.lock",
			);
			name = "[CP] Check Pods Manifest.lock";
			outputFileListPaths = (
			);
			outputPaths = (
				"$(DERIVED_FILE_DIR)/Pods-Interval-IntervalUITests-checkManifestLockResult.txt",
			);
			runOnlyForDeploymentPostprocessing = 0;
			shellPath = /bin/sh;
			shellScript = "diff \"${PODS_PODFILE_DIR_PATH}/Podfile.lock\" \"${PODS_ROOT}/Manifest.lock\" > /dev/null\nif [ $? != 0 ] ; then\n    # print error to STDERR\n    echo \"error: The sandbox is not in sync with the Podfile.lock. Run 'pod install' or update your CocoaPods installation.\" >&2\n    exit 1\nfi\n# This output is used by Xcode 'outputs' to avoid re-running this script phase.\necho \"SUCCESS\" > \"${SCRIPT_OUTPUT_FILE_0}\"\n";
			showEnvVarsInLog = 0;
		};
/* End PBXShellScriptBuildPhase section */

/* Begin PBXSourcesBuildPhase section */
		DEF28CEA1CADCDDE00D50DC1 /* Sources */ = {
			isa = PBXSourcesBuildPhase;
			buildActionMask = 2147483647;
			files = (
				DE7EBB742522A11F0061F38F /* CounterDataModel.xcdatamodeld in Sources */,
				DEF9978C1D1DC69400DAD02E /* Extensions.swift in Sources */,
				DE7A83AB2523EC4D005F75D4 /* LegacyDataController.swift in Sources */,
				DE8DBD66252282CB008A75C3 /* RoundedCornerButton.swift in Sources */,
				DEF9978D1D1DC69400DAD02E /* HelpViewController.swift in Sources */,
				DE0F99DC252254A5006079E1 /* DataController.swift in Sources */,
				DE7EBB8C2522A1BD0061F38F /* Counter+CoreDataProperties.swift in Sources */,
				DEC0FA1B1D95B8BA0003C6F8 /* RateStatus.swift in Sources */,
				DE2DED041F311DD700058A4A /* CounterListTableViewController.swift in Sources */,
				DEF9977E1D1DC61E00DAD02E /* AppDelegate.swift in Sources */,
				DEF9978B1D1DC69400DAD02E /* WatchCommunicator.swift in Sources */,
				DEAC75D025097CC800062809 /* RoundedCornerView.swift in Sources */,
				DE2DED081F312C8000058A4A /* CounterDetailTableViewController.swift in Sources */,
				DEF997891D1DC69400DAD02E /* Colors.swift in Sources */,
				DEF9978E1D1DC69400DAD02E /* Interval.swift in Sources */,
				DE7EBB8B2522A1BD0061F38F /* Counter+CoreDataClass.swift in Sources */,
				DE2DED021F311C6100058A4A /* CounterTableViewCell.swift in Sources */,
				DEF9978A1D1DC69400DAD02E /* WatchDataTranslator.swift in Sources */,
			);
			runOnlyForDeploymentPostprocessing = 0;
		};
		DEF28CFE1CADCDDE00D50DC1 /* Sources */ = {
			isa = PBXSourcesBuildPhase;
			buildActionMask = 2147483647;
			files = (
				DEF28D071CADCDDE00D50DC1 /* IntervalTests.swift in Sources */,
				DEB467A8252563C200BC8A74 /* TestDataController.swift in Sources */,
				DEB467AD252565A200BC8A74 /* CounterTest.swift in Sources */,
				DEABF5DE252657740092F0F9 /* DataControllerMock.swift in Sources */,
				DEABF5EA252660440092F0F9 /* DataControllerTest.swift in Sources */,
			);
			runOnlyForDeploymentPostprocessing = 0;
		};
		DEF28D091CADCDDE00D50DC1 /* Sources */ = {
			isa = PBXSourcesBuildPhase;
			buildActionMask = 2147483647;
			files = (
				DEF28D121CADCDDE00D50DC1 /* IntervalUITests.swift in Sources */,
			);
			runOnlyForDeploymentPostprocessing = 0;
		};
		DEF28D211CADCDDE00D50DC1 /* Sources */ = {
			isa = PBXSourcesBuildPhase;
			buildActionMask = 2147483647;
			files = (
				DEF28D311CADCDDE00D50DC1 /* NotificationController.swift in Sources */,
				DE2DED101F324E0600058A4A /* WatchCounter.swift in Sources */,
				DE2DED121F3270B700058A4A /* EditDateInterfaceController.swift in Sources */,
				DE2685D01CDE8ED900742BF7 /* ComplicationDataHelper.swift in Sources */,
				DEF28D2F1CADCDDE00D50DC1 /* ExtensionDelegate.swift in Sources */,
				DEF28D351CADCDDE00D50DC1 /* ComplicationController.swift in Sources */,
				DEF28D2D1CADCDDE00D50DC1 /* InterfaceController.swift in Sources */,
			);
			runOnlyForDeploymentPostprocessing = 0;
		};
/* End PBXSourcesBuildPhase section */

/* Begin PBXTargetDependency section */
		DEF28D041CADCDDE00D50DC1 /* PBXTargetDependency */ = {
			isa = PBXTargetDependency;
			target = DEF28CED1CADCDDE00D50DC1 /* Interval */;
			targetProxy = DEF28D031CADCDDE00D50DC1 /* PBXContainerItemProxy */;
		};
		DEF28D0F1CADCDDE00D50DC1 /* PBXTargetDependency */ = {
			isa = PBXTargetDependency;
			target = DEF28CED1CADCDDE00D50DC1 /* Interval */;
			targetProxy = DEF28D0E1CADCDDE00D50DC1 /* PBXContainerItemProxy */;
		};
		DEF28D191CADCDDE00D50DC1 /* PBXTargetDependency */ = {
			isa = PBXTargetDependency;
			target = DEF28D151CADCDDE00D50DC1 /* Interval WatchKit App */;
			targetProxy = DEF28D181CADCDDE00D50DC1 /* PBXContainerItemProxy */;
		};
		DEF28D281CADCDDE00D50DC1 /* PBXTargetDependency */ = {
			isa = PBXTargetDependency;
			target = DEF28D241CADCDDE00D50DC1 /* Interval WatchKit Extension */;
			targetProxy = DEF28D271CADCDDE00D50DC1 /* PBXContainerItemProxy */;
		};
/* End PBXTargetDependency section */

/* Begin PBXVariantGroup section */
		DEF28D1B1CADCDDE00D50DC1 /* Interface.storyboard */ = {
			isa = PBXVariantGroup;
			children = (
				DEF28D1C1CADCDDE00D50DC1 /* Base */,
			);
			name = Interface.storyboard;
			sourceTree = "<group>";
		};
/* End PBXVariantGroup section */

/* Begin XCBuildConfiguration section */
		DEF28D391CADCDDE00D50DC1 /* Debug */ = {
			isa = XCBuildConfiguration;
			buildSettings = {
				ALWAYS_SEARCH_USER_PATHS = NO;
				CLANG_ANALYZER_LOCALIZABILITY_NONLOCALIZED = YES;
				CLANG_ANALYZER_NONNULL = YES;
				CLANG_CXX_LANGUAGE_STANDARD = "gnu++0x";
				CLANG_CXX_LIBRARY = "libc++";
				CLANG_ENABLE_MODULES = YES;
				CLANG_ENABLE_OBJC_ARC = YES;
				CLANG_WARN_BLOCK_CAPTURE_AUTORELEASING = YES;
				CLANG_WARN_BOOL_CONVERSION = YES;
				CLANG_WARN_COMMA = YES;
				CLANG_WARN_CONSTANT_CONVERSION = YES;
				CLANG_WARN_DEPRECATED_OBJC_IMPLEMENTATIONS = YES;
				CLANG_WARN_DIRECT_OBJC_ISA_USAGE = YES_ERROR;
				CLANG_WARN_EMPTY_BODY = YES;
				CLANG_WARN_ENUM_CONVERSION = YES;
				CLANG_WARN_INFINITE_RECURSION = YES;
				CLANG_WARN_INT_CONVERSION = YES;
				CLANG_WARN_NON_LITERAL_NULL_CONVERSION = YES;
				CLANG_WARN_OBJC_IMPLICIT_RETAIN_SELF = YES;
				CLANG_WARN_OBJC_LITERAL_CONVERSION = YES;
				CLANG_WARN_OBJC_ROOT_CLASS = YES_ERROR;
				CLANG_WARN_QUOTED_INCLUDE_IN_FRAMEWORK_HEADER = YES;
				CLANG_WARN_RANGE_LOOP_ANALYSIS = YES;
				CLANG_WARN_STRICT_PROTOTYPES = YES;
				CLANG_WARN_SUSPICIOUS_MOVE = YES;
				CLANG_WARN_UNREACHABLE_CODE = YES;
				CLANG_WARN__DUPLICATE_METHOD_MATCH = YES;
				"CODE_SIGN_IDENTITY[sdk=iphoneos*]" = "iPhone Developer";
				COPY_PHASE_STRIP = NO;
				DEBUG_INFORMATION_FORMAT = dwarf;
				ENABLE_STRICT_OBJC_MSGSEND = YES;
				ENABLE_TESTABILITY = YES;
				FRAMEWORK_SEARCH_PATHS = "";
				GCC_C_LANGUAGE_STANDARD = gnu99;
				GCC_DYNAMIC_NO_PIC = NO;
				GCC_NO_COMMON_BLOCKS = YES;
				GCC_OPTIMIZATION_LEVEL = 0;
				GCC_PREPROCESSOR_DEFINITIONS = (
					"DEBUG=1",
					"$(inherited)",
				);
				GCC_WARN_64_TO_32_BIT_CONVERSION = YES;
				GCC_WARN_ABOUT_RETURN_TYPE = YES_ERROR;
				GCC_WARN_UNDECLARED_SELECTOR = YES;
				GCC_WARN_UNINITIALIZED_AUTOS = YES_AGGRESSIVE;
				GCC_WARN_UNUSED_FUNCTION = YES;
				GCC_WARN_UNUSED_VARIABLE = YES;
				IPHONEOS_DEPLOYMENT_TARGET = 12.0;
				MTL_ENABLE_DEBUG_INFO = YES;
				ONLY_ACTIVE_ARCH = YES;
				SDKROOT = iphoneos;
				SWIFT_OPTIMIZATION_LEVEL = "-Onone";
			};
			name = Debug;
		};
		DEF28D3A1CADCDDE00D50DC1 /* Release */ = {
			isa = XCBuildConfiguration;
			buildSettings = {
				ALWAYS_SEARCH_USER_PATHS = NO;
				CLANG_ANALYZER_LOCALIZABILITY_NONLOCALIZED = YES;
				CLANG_ANALYZER_NONNULL = YES;
				CLANG_CXX_LANGUAGE_STANDARD = "gnu++0x";
				CLANG_CXX_LIBRARY = "libc++";
				CLANG_ENABLE_MODULES = YES;
				CLANG_ENABLE_OBJC_ARC = YES;
				CLANG_WARN_BLOCK_CAPTURE_AUTORELEASING = YES;
				CLANG_WARN_BOOL_CONVERSION = YES;
				CLANG_WARN_COMMA = YES;
				CLANG_WARN_CONSTANT_CONVERSION = YES;
				CLANG_WARN_DEPRECATED_OBJC_IMPLEMENTATIONS = YES;
				CLANG_WARN_DIRECT_OBJC_ISA_USAGE = YES_ERROR;
				CLANG_WARN_EMPTY_BODY = YES;
				CLANG_WARN_ENUM_CONVERSION = YES;
				CLANG_WARN_INFINITE_RECURSION = YES;
				CLANG_WARN_INT_CONVERSION = YES;
				CLANG_WARN_NON_LITERAL_NULL_CONVERSION = YES;
				CLANG_WARN_OBJC_IMPLICIT_RETAIN_SELF = YES;
				CLANG_WARN_OBJC_LITERAL_CONVERSION = YES;
				CLANG_WARN_OBJC_ROOT_CLASS = YES_ERROR;
				CLANG_WARN_QUOTED_INCLUDE_IN_FRAMEWORK_HEADER = YES;
				CLANG_WARN_RANGE_LOOP_ANALYSIS = YES;
				CLANG_WARN_STRICT_PROTOTYPES = YES;
				CLANG_WARN_SUSPICIOUS_MOVE = YES;
				CLANG_WARN_UNREACHABLE_CODE = YES;
				CLANG_WARN__DUPLICATE_METHOD_MATCH = YES;
				"CODE_SIGN_IDENTITY[sdk=iphoneos*]" = "iPhone Developer";
				COPY_PHASE_STRIP = NO;
				DEBUG_INFORMATION_FORMAT = "dwarf-with-dsym";
				ENABLE_NS_ASSERTIONS = NO;
				ENABLE_STRICT_OBJC_MSGSEND = YES;
				GCC_C_LANGUAGE_STANDARD = gnu99;
				GCC_NO_COMMON_BLOCKS = YES;
				GCC_WARN_64_TO_32_BIT_CONVERSION = YES;
				GCC_WARN_ABOUT_RETURN_TYPE = YES_ERROR;
				GCC_WARN_UNDECLARED_SELECTOR = YES;
				GCC_WARN_UNINITIALIZED_AUTOS = YES_AGGRESSIVE;
				GCC_WARN_UNUSED_FUNCTION = YES;
				GCC_WARN_UNUSED_VARIABLE = YES;
				IPHONEOS_DEPLOYMENT_TARGET = 12.0;
				MTL_ENABLE_DEBUG_INFO = NO;
				SDKROOT = iphoneos;
				SWIFT_COMPILATION_MODE = wholemodule;
				SWIFT_OPTIMIZATION_LEVEL = "-O";
				VALIDATE_PRODUCT = YES;
			};
			name = Release;
		};
		DEF28D3C1CADCDDE00D50DC1 /* Debug */ = {
			isa = XCBuildConfiguration;
			buildSettings = {
				ASSETCATALOG_COMPILER_COMPLICATION_NAME = Complication;
				CODE_SIGN_ENTITLEMENTS = "Interval WatchKit Extension/Interval WatchKit Extension.entitlements";
				CURRENT_PROJECT_VERSION = 19;
				INFOPLIST_FILE = "Interval WatchKit Extension/Info.plist";
				IPHONEOS_DEPLOYMENT_TARGET = 12.0;
				LD_RUNPATH_SEARCH_PATHS = (
					"$(inherited)",
					"@executable_path/Frameworks",
					"@executable_path/../../Frameworks",
				);
				MARKETING_VERSION = 2.1;
				PRODUCT_BUNDLE_IDENTIFIER = com.WesMoore.Interval.watchkitapp.watchkitextension;
				PRODUCT_NAME = "${TARGET_NAME}";
				SDKROOT = watchos;
				SKIP_INSTALL = YES;
				SWIFT_SWIFT3_OBJC_INFERENCE = Default;
				SWIFT_VERSION = 5.0;
				TARGETED_DEVICE_FAMILY = 4;
				WATCHOS_DEPLOYMENT_TARGET = 5.0;
			};
			name = Debug;
		};
		DEF28D3D1CADCDDE00D50DC1 /* Release */ = {
			isa = XCBuildConfiguration;
			buildSettings = {
				ASSETCATALOG_COMPILER_COMPLICATION_NAME = Complication;
				CODE_SIGN_ENTITLEMENTS = "Interval WatchKit Extension/Interval WatchKit Extension.entitlements";
				CURRENT_PROJECT_VERSION = 19;
				INFOPLIST_FILE = "Interval WatchKit Extension/Info.plist";
				IPHONEOS_DEPLOYMENT_TARGET = 12.0;
				LD_RUNPATH_SEARCH_PATHS = (
					"$(inherited)",
					"@executable_path/Frameworks",
					"@executable_path/../../Frameworks",
				);
				MARKETING_VERSION = 2.1;
				PRODUCT_BUNDLE_IDENTIFIER = com.WesMoore.Interval.watchkitapp.watchkitextension;
				PRODUCT_NAME = "${TARGET_NAME}";
				SDKROOT = watchos;
				SKIP_INSTALL = YES;
				SWIFT_SWIFT3_OBJC_INFERENCE = Default;
				SWIFT_VERSION = 5.0;
				TARGETED_DEVICE_FAMILY = 4;
				WATCHOS_DEPLOYMENT_TARGET = 5.0;
			};
			name = Release;
		};
		DEF28D401CADCDDE00D50DC1 /* Debug */ = {
			isa = XCBuildConfiguration;
			buildSettings = {
				ALWAYS_EMBED_SWIFT_STANDARD_LIBRARIES = YES;
				ASSETCATALOG_COMPILER_APPICON_NAME = AppIcon;
				CODE_SIGN_ENTITLEMENTS = "Interval WatchKit App/Interval WatchKit App.entitlements";
				CURRENT_PROJECT_VERSION = 19;
				IBSC_MODULE = Interval_WatchKit_Extension;
				INFOPLIST_FILE = "Interval WatchKit App/Info.plist";
				MARKETING_VERSION = 2.1;
				PRODUCT_BUNDLE_IDENTIFIER = com.WesMoore.Interval.watchkitapp;
				PRODUCT_NAME = "$(TARGET_NAME)";
				SDKROOT = watchos;
				SKIP_INSTALL = YES;
				SWIFT_VERSION = 3.0;
				TARGETED_DEVICE_FAMILY = 4;
				WATCHOS_DEPLOYMENT_TARGET = 5.0;
			};
			name = Debug;
		};
		DEF28D411CADCDDE00D50DC1 /* Release */ = {
			isa = XCBuildConfiguration;
			buildSettings = {
				ALWAYS_EMBED_SWIFT_STANDARD_LIBRARIES = YES;
				ASSETCATALOG_COMPILER_APPICON_NAME = AppIcon;
				CODE_SIGN_ENTITLEMENTS = "Interval WatchKit App/Interval WatchKit App.entitlements";
				CURRENT_PROJECT_VERSION = 19;
				IBSC_MODULE = Interval_WatchKit_Extension;
				INFOPLIST_FILE = "Interval WatchKit App/Info.plist";
				MARKETING_VERSION = 2.1;
				PRODUCT_BUNDLE_IDENTIFIER = com.WesMoore.Interval.watchkitapp;
				PRODUCT_NAME = "$(TARGET_NAME)";
				SDKROOT = watchos;
				SKIP_INSTALL = YES;
				SWIFT_VERSION = 3.0;
				TARGETED_DEVICE_FAMILY = 4;
				WATCHOS_DEPLOYMENT_TARGET = 5.0;
			};
			name = Release;
		};
		DEF28D441CADCDDE00D50DC1 /* Debug */ = {
			isa = XCBuildConfiguration;
			baseConfigurationReference = 3D2F376DC2C00827AA433FDD /* Pods-Interval.debug.xcconfig */;
			buildSettings = {
				ASSETCATALOG_COMPILER_APPICON_NAME = AppIcon;
				CODE_SIGN_IDENTITY = "iPhone Developer";
				CURRENT_PROJECT_VERSION = 19;
				INFOPLIST_FILE = Interval/Info.plist;
				IPHONEOS_DEPLOYMENT_TARGET = 12.0;
				LD_RUNPATH_SEARCH_PATHS = (
					"$(inherited)",
					"@executable_path/Frameworks",
				);
				MARKETING_VERSION = 2.1;
				PRODUCT_BUNDLE_IDENTIFIER = com.WesMoore.Interval;
				PRODUCT_NAME = "$(TARGET_NAME)";
				SWIFT_SWIFT3_OBJC_INFERENCE = Default;
				SWIFT_VERSION = 5.0;
				TARGETED_DEVICE_FAMILY = 1;
			};
			name = Debug;
		};
		DEF28D451CADCDDE00D50DC1 /* Release */ = {
			isa = XCBuildConfiguration;
			baseConfigurationReference = B08E3EDC8CE8AAEA643EC6E3 /* Pods-Interval.release.xcconfig */;
			buildSettings = {
				ASSETCATALOG_COMPILER_APPICON_NAME = AppIcon;
				CODE_SIGN_IDENTITY = "iPhone Developer";
				CURRENT_PROJECT_VERSION = 19;
				INFOPLIST_FILE = Interval/Info.plist;
				IPHONEOS_DEPLOYMENT_TARGET = 12.0;
				LD_RUNPATH_SEARCH_PATHS = (
					"$(inherited)",
					"@executable_path/Frameworks",
				);
				MARKETING_VERSION = 2.1;
				PRODUCT_BUNDLE_IDENTIFIER = com.WesMoore.Interval;
				PRODUCT_NAME = "$(TARGET_NAME)";
				SWIFT_SWIFT3_OBJC_INFERENCE = Default;
				SWIFT_VERSION = 5.0;
				TARGETED_DEVICE_FAMILY = 1;
			};
			name = Release;
		};
		DEF28D471CADCDDE00D50DC1 /* Debug */ = {
			isa = XCBuildConfiguration;
			baseConfigurationReference = 93040A6E39196CE7B9FA0F96 /* Pods-IntervalTests.debug.xcconfig */;
			buildSettings = {
				BUNDLE_LOADER = "$(TEST_HOST)";
				INFOPLIST_FILE = IntervalTests/Info.plist;
				IPHONEOS_DEPLOYMENT_TARGET = 12.0;
				LD_RUNPATH_SEARCH_PATHS = (
					"$(inherited)",
					"@executable_path/Frameworks",
					"@loader_path/Frameworks",
				);
				PRODUCT_BUNDLE_IDENTIFIER = com.WesMoore.IntervalTests;
				PRODUCT_NAME = "$(TARGET_NAME)";
				SWIFT_SWIFT3_OBJC_INFERENCE = On;
				SWIFT_VERSION = 5.0;
				TEST_HOST = "$(BUILT_PRODUCTS_DIR)/Interval.app/Interval";
			};
			name = Debug;
		};
		DEF28D481CADCDDE00D50DC1 /* Release */ = {
			isa = XCBuildConfiguration;
			baseConfigurationReference = 370BA3137EC74607617B34D4 /* Pods-IntervalTests.release.xcconfig */;
			buildSettings = {
				BUNDLE_LOADER = "$(TEST_HOST)";
				INFOPLIST_FILE = IntervalTests/Info.plist;
				IPHONEOS_DEPLOYMENT_TARGET = 12.0;
				LD_RUNPATH_SEARCH_PATHS = (
					"$(inherited)",
					"@executable_path/Frameworks",
					"@loader_path/Frameworks",
				);
				PRODUCT_BUNDLE_IDENTIFIER = com.WesMoore.IntervalTests;
				PRODUCT_NAME = "$(TARGET_NAME)";
				SWIFT_SWIFT3_OBJC_INFERENCE = On;
				SWIFT_VERSION = 5.0;
				TEST_HOST = "$(BUILT_PRODUCTS_DIR)/Interval.app/Interval";
			};
			name = Release;
		};
		DEF28D4A1CADCDDE00D50DC1 /* Debug */ = {
			isa = XCBuildConfiguration;
			baseConfigurationReference = 308EA1BC7949C9DCC13E449D /* Pods-Interval-IntervalUITests.debug.xcconfig */;
			buildSettings = {
				INFOPLIST_FILE = IntervalUITests/Info.plist;
				LD_RUNPATH_SEARCH_PATHS = (
					"$(inherited)",
					"@executable_path/Frameworks",
					"@loader_path/Frameworks",
				);
				PRODUCT_BUNDLE_IDENTIFIER = com.WesMoore.IntervalUITests;
				PRODUCT_NAME = "$(TARGET_NAME)";
				SWIFT_SWIFT3_OBJC_INFERENCE = On;
				SWIFT_VERSION = 5.0;
				TEST_TARGET_NAME = Interval;
			};
			name = Debug;
		};
		DEF28D4B1CADCDDE00D50DC1 /* Release */ = {
			isa = XCBuildConfiguration;
			baseConfigurationReference = 1C4155DC408156CEAAB96283 /* Pods-Interval-IntervalUITests.release.xcconfig */;
			buildSettings = {
				INFOPLIST_FILE = IntervalUITests/Info.plist;
				LD_RUNPATH_SEARCH_PATHS = (
					"$(inherited)",
					"@executable_path/Frameworks",
					"@loader_path/Frameworks",
				);
				PRODUCT_BUNDLE_IDENTIFIER = com.WesMoore.IntervalUITests;
				PRODUCT_NAME = "$(TARGET_NAME)";
				SWIFT_SWIFT3_OBJC_INFERENCE = On;
				SWIFT_VERSION = 5.0;
				TEST_TARGET_NAME = Interval;
			};
			name = Release;
		};
/* End XCBuildConfiguration section */

/* Begin XCConfigurationList section */
		DEF28CE91CADCDDE00D50DC1 /* Build configuration list for PBXProject "Interval" */ = {
			isa = XCConfigurationList;
			buildConfigurations = (
				DEF28D391CADCDDE00D50DC1 /* Debug */,
				DEF28D3A1CADCDDE00D50DC1 /* Release */,
			);
			defaultConfigurationIsVisible = 0;
			defaultConfigurationName = Release;
		};
		DEF28D3B1CADCDDE00D50DC1 /* Build configuration list for PBXNativeTarget "Interval WatchKit Extension" */ = {
			isa = XCConfigurationList;
			buildConfigurations = (
				DEF28D3C1CADCDDE00D50DC1 /* Debug */,
				DEF28D3D1CADCDDE00D50DC1 /* Release */,
			);
			defaultConfigurationIsVisible = 0;
			defaultConfigurationName = Release;
		};
		DEF28D3F1CADCDDE00D50DC1 /* Build configuration list for PBXNativeTarget "Interval WatchKit App" */ = {
			isa = XCConfigurationList;
			buildConfigurations = (
				DEF28D401CADCDDE00D50DC1 /* Debug */,
				DEF28D411CADCDDE00D50DC1 /* Release */,
			);
			defaultConfigurationIsVisible = 0;
			defaultConfigurationName = Release;
		};
		DEF28D431CADCDDE00D50DC1 /* Build configuration list for PBXNativeTarget "Interval" */ = {
			isa = XCConfigurationList;
			buildConfigurations = (
				DEF28D441CADCDDE00D50DC1 /* Debug */,
				DEF28D451CADCDDE00D50DC1 /* Release */,
			);
			defaultConfigurationIsVisible = 0;
			defaultConfigurationName = Release;
		};
		DEF28D461CADCDDE00D50DC1 /* Build configuration list for PBXNativeTarget "IntervalTests" */ = {
			isa = XCConfigurationList;
			buildConfigurations = (
				DEF28D471CADCDDE00D50DC1 /* Debug */,
				DEF28D481CADCDDE00D50DC1 /* Release */,
			);
			defaultConfigurationIsVisible = 0;
			defaultConfigurationName = Release;
		};
		DEF28D491CADCDDE00D50DC1 /* Build configuration list for PBXNativeTarget "IntervalUITests" */ = {
			isa = XCConfigurationList;
			buildConfigurations = (
				DEF28D4A1CADCDDE00D50DC1 /* Debug */,
				DEF28D4B1CADCDDE00D50DC1 /* Release */,
			);
			defaultConfigurationIsVisible = 0;
			defaultConfigurationName = Release;
		};
/* End XCConfigurationList section */

/* Begin XCVersionGroup section */
		DE7EBB722522A11F0061F38F /* CounterDataModel.xcdatamodeld */ = {
			isa = XCVersionGroup;
			children = (
				DE7EBB732522A11F0061F38F /* CounterDataModel.xcdatamodel */,
			);
			currentVersion = DE7EBB732522A11F0061F38F /* CounterDataModel.xcdatamodel */;
			path = CounterDataModel.xcdatamodeld;
			sourceTree = "<group>";
			versionGroupType = wrapper.xcdatamodel;
		};
/* End XCVersionGroup section */
	};
	rootObject = DEF28CE61CADCDDE00D50DC1 /* Project object */;
}
