// !$*UTF8*$!
{
	archiveVersion = 1;
	classes = {
	};
	objectVersion = 46;
	objects = {

/* Begin PBXBuildFile section */
		DE19C4BB1F35367F0096F70C /* RemindersDataManager.swift in Sources */ = {isa = PBXBuildFile; fileRef = DE19C4BA1F35367F0096F70C /* RemindersDataManager.swift */; };
		DE1DFDA71F34F023004D99E3 /* RemindersDetailTableViewController.swift in Sources */ = {isa = PBXBuildFile; fileRef = DE1DFDA61F34F023004D99E3 /* RemindersDetailTableViewController.swift */; };
		DE1DFDA91F34F03E004D99E3 /* RemindersEditDateViewController.swift in Sources */ = {isa = PBXBuildFile; fileRef = DE1DFDA81F34F03E004D99E3 /* RemindersEditDateViewController.swift */; };
		DE1DFDAB1F34F362004D99E3 /* ReminderTableViewCell.swift in Sources */ = {isa = PBXBuildFile; fileRef = DE1DFDAA1F34F362004D99E3 /* ReminderTableViewCell.swift */; };
		DE1DFDAE1F34F4F6004D99E3 /* IntrvalDataModel.xcdatamodeld in Sources */ = {isa = PBXBuildFile; fileRef = DE1DFDAC1F34F4F6004D99E3 /* IntrvalDataModel.xcdatamodeld */; };
		DE1DFDB11F34F57E004D99E3 /* Reminder+CoreDataClass.swift in Sources */ = {isa = PBXBuildFile; fileRef = DE1DFDAF1F34F57E004D99E3 /* Reminder+CoreDataClass.swift */; };
		DE1DFDB21F34F57E004D99E3 /* Reminder+CoreDataProperties.swift in Sources */ = {isa = PBXBuildFile; fileRef = DE1DFDB01F34F57E004D99E3 /* Reminder+CoreDataProperties.swift */; };
		DE2685D01CDE8ED900742BF7 /* ComplicationDataHelper.swift in Sources */ = {isa = PBXBuildFile; fileRef = DE2685CF1CDE8ED900742BF7 /* ComplicationDataHelper.swift */; };
		DE2DED021F311C6100058A4A /* IntervalTableViewCell.swift in Sources */ = {isa = PBXBuildFile; fileRef = DE2DED011F311C6100058A4A /* IntervalTableViewCell.swift */; };
		DE2DED041F311DD700058A4A /* IntervalListTableViewController.swift in Sources */ = {isa = PBXBuildFile; fileRef = DE2DED031F311DD700058A4A /* IntervalListTableViewController.swift */; };
		DE2DED081F312C8000058A4A /* IntervalDetailTableViewController.swift in Sources */ = {isa = PBXBuildFile; fileRef = DE2DED071F312C8000058A4A /* IntervalDetailTableViewController.swift */; };
		DE2DED0A1F313BB300058A4A /* EditDateViewController.swift in Sources */ = {isa = PBXBuildFile; fileRef = DE2DED091F313BB300058A4A /* EditDateViewController.swift */; };
		DE2DED0C1F313BC600058A4A /* EditTimeViewController.swift in Sources */ = {isa = PBXBuildFile; fileRef = DE2DED0B1F313BC600058A4A /* EditTimeViewController.swift */; };
		DE2DED0E1F313C3E00058A4A /* CircleButton.swift in Sources */ = {isa = PBXBuildFile; fileRef = DE2DED0D1F313C3E00058A4A /* CircleButton.swift */; };
		DE2DED101F324E0600058A4A /* WatchInterval.swift in Sources */ = {isa = PBXBuildFile; fileRef = DE2DED0F1F324E0500058A4A /* WatchInterval.swift */; };
		DE2DED121F3270B700058A4A /* EditDateInterfaceController.swift in Sources */ = {isa = PBXBuildFile; fileRef = DE2DED111F3270B700058A4A /* EditDateInterfaceController.swift */; };
		DE4F8F2C1DC4567000E15F17 /* ClockKit.framework in Frameworks */ = {isa = PBXBuildFile; fileRef = DE4F8F2B1DC4567000E15F17 /* ClockKit.framework */; settings = {ATTRIBUTES = (Weak, ); }; };
		DE5126481D527E750010DDC1 /* .gitignore in Resources */ = {isa = PBXBuildFile; fileRef = DE5126471D527E750010DDC1 /* .gitignore */; };
		DE676D091F423E5F0006CD11 /* Launch.storyboard in Resources */ = {isa = PBXBuildFile; fileRef = DE676D081F423E5F0006CD11 /* Launch.storyboard */; };
		DEC0FA1B1D95B8BA0003C6F8 /* RateStatus.swift in Sources */ = {isa = PBXBuildFile; fileRef = DEC0FA1A1D95B8BA0003C6F8 /* RateStatus.swift */; };
		DEED85DE1F33C43000D95EB7 /* RemindersChooseTypeTableViewController.swift in Sources */ = {isa = PBXBuildFile; fileRef = DEED85DD1F33C43000D95EB7 /* RemindersChooseTypeTableViewController.swift */; };
		DEED85E01F33C45100D95EB7 /* RemindersSetPeriodConstantViewController.swift in Sources */ = {isa = PBXBuildFile; fileRef = DEED85DF1F33C45100D95EB7 /* RemindersSetPeriodConstantViewController.swift */; };
		DEED85E21F33C46600D95EB7 /* RemindersListTableViewController.swift in Sources */ = {isa = PBXBuildFile; fileRef = DEED85E11F33C46600D95EB7 /* RemindersListTableViewController.swift */; };
		DEF28D071CADCDDE00D50DC1 /* IntervalTests.swift in Sources */ = {isa = PBXBuildFile; fileRef = DEF28D061CADCDDE00D50DC1 /* IntervalTests.swift */; };
		DEF28D121CADCDDE00D50DC1 /* IntervalUITests.swift in Sources */ = {isa = PBXBuildFile; fileRef = DEF28D111CADCDDE00D50DC1 /* IntervalUITests.swift */; };
		DEF28D171CADCDDE00D50DC1 /* Interval WatchKit App.app in Embed Watch Content */ = {isa = PBXBuildFile; fileRef = DEF28D161CADCDDE00D50DC1 /* Interval WatchKit App.app */; };
		DEF28D1D1CADCDDE00D50DC1 /* Interface.storyboard in Resources */ = {isa = PBXBuildFile; fileRef = DEF28D1B1CADCDDE00D50DC1 /* Interface.storyboard */; };
		DEF28D1F1CADCDDE00D50DC1 /* Assets.xcassets in Resources */ = {isa = PBXBuildFile; fileRef = DEF28D1E1CADCDDE00D50DC1 /* Assets.xcassets */; };
		DEF28D261CADCDDE00D50DC1 /* Interval WatchKit Extension.appex in Embed App Extensions */ = {isa = PBXBuildFile; fileRef = DEF28D251CADCDDE00D50DC1 /* Interval WatchKit Extension.appex */; settings = {ATTRIBUTES = (RemoveHeadersOnCopy, ); }; };
		DEF28D2D1CADCDDE00D50DC1 /* InterfaceController.swift in Sources */ = {isa = PBXBuildFile; fileRef = DEF28D2C1CADCDDE00D50DC1 /* InterfaceController.swift */; };
		DEF28D2F1CADCDDE00D50DC1 /* ExtensionDelegate.swift in Sources */ = {isa = PBXBuildFile; fileRef = DEF28D2E1CADCDDE00D50DC1 /* ExtensionDelegate.swift */; };
		DEF28D311CADCDDE00D50DC1 /* NotificationController.swift in Sources */ = {isa = PBXBuildFile; fileRef = DEF28D301CADCDDE00D50DC1 /* NotificationController.swift */; };
		DEF28D351CADCDDE00D50DC1 /* ComplicationController.swift in Sources */ = {isa = PBXBuildFile; fileRef = DEF28D341CADCDDE00D50DC1 /* ComplicationController.swift */; };
		DEF28D371CADCDDE00D50DC1 /* Assets.xcassets in Resources */ = {isa = PBXBuildFile; fileRef = DEF28D361CADCDDE00D50DC1 /* Assets.xcassets */; };
		DEF9977E1D1DC61E00DAD02E /* AppDelegate.swift in Sources */ = {isa = PBXBuildFile; fileRef = DEF9977D1D1DC61E00DAD02E /* AppDelegate.swift */; };
		DEF997881D1DC69400DAD02E /* LaunchScreen.storyboard in Resources */ = {isa = PBXBuildFile; fileRef = DEF9977F1D1DC69400DAD02E /* LaunchScreen.storyboard */; };
		DEF997891D1DC69400DAD02E /* Colors.swift in Sources */ = {isa = PBXBuildFile; fileRef = DEF997801D1DC69400DAD02E /* Colors.swift */; };
		DEF9978A1D1DC69400DAD02E /* ComplicationDataHelper.swift in Sources */ = {isa = PBXBuildFile; fileRef = DEF997811D1DC69400DAD02E /* ComplicationDataHelper.swift */; };
		DEF9978B1D1DC69400DAD02E /* DataManager.swift in Sources */ = {isa = PBXBuildFile; fileRef = DEF997821D1DC69400DAD02E /* DataManager.swift */; };
		DEF9978C1D1DC69400DAD02E /* Extensions.swift in Sources */ = {isa = PBXBuildFile; fileRef = DEF997831D1DC69400DAD02E /* Extensions.swift */; };
		DEF9978D1D1DC69400DAD02E /* HelpViewController.swift in Sources */ = {isa = PBXBuildFile; fileRef = DEF997841D1DC69400DAD02E /* HelpViewController.swift */; };
		DEF9978E1D1DC69400DAD02E /* Interval.swift in Sources */ = {isa = PBXBuildFile; fileRef = DEF997851D1DC69400DAD02E /* Interval.swift */; };
		DEF9978F1D1DC69400DAD02E /* Keys.swift in Sources */ = {isa = PBXBuildFile; fileRef = DEF997861D1DC69400DAD02E /* Keys.swift */; };
		DEF997901D1DC69400DAD02E /* ViewController.swift in Sources */ = {isa = PBXBuildFile; fileRef = DEF997871D1DC69400DAD02E /* ViewController.swift */; };
		DEF997921D1DC6B100DAD02E /* Assets.xcassets in Resources */ = {isa = PBXBuildFile; fileRef = DEF997911D1DC6B100DAD02E /* Assets.xcassets */; };
		DEF997941D1DC75C00DAD02E /* Main.storyboard in Resources */ = {isa = PBXBuildFile; fileRef = DEF997931D1DC75C00DAD02E /* Main.storyboard */; };
/* End PBXBuildFile section */

/* Begin PBXContainerItemProxy section */
		DEF28D031CADCDDE00D50DC1 /* PBXContainerItemProxy */ = {
			isa = PBXContainerItemProxy;
			containerPortal = DEF28CE61CADCDDE00D50DC1 /* Project object */;
			proxyType = 1;
			remoteGlobalIDString = DEF28CED1CADCDDE00D50DC1;
			remoteInfo = Interval;
		};
		DEF28D0E1CADCDDE00D50DC1 /* PBXContainerItemProxy */ = {
			isa = PBXContainerItemProxy;
			containerPortal = DEF28CE61CADCDDE00D50DC1 /* Project object */;
			proxyType = 1;
			remoteGlobalIDString = DEF28CED1CADCDDE00D50DC1;
			remoteInfo = Interval;
		};
		DEF28D181CADCDDE00D50DC1 /* PBXContainerItemProxy */ = {
			isa = PBXContainerItemProxy;
			containerPortal = DEF28CE61CADCDDE00D50DC1 /* Project object */;
			proxyType = 1;
			remoteGlobalIDString = DEF28D151CADCDDE00D50DC1;
			remoteInfo = "Interval WatchKit App";
		};
		DEF28D271CADCDDE00D50DC1 /* PBXContainerItemProxy */ = {
			isa = PBXContainerItemProxy;
			containerPortal = DEF28CE61CADCDDE00D50DC1 /* Project object */;
			proxyType = 1;
			remoteGlobalIDString = DEF28D241CADCDDE00D50DC1;
			remoteInfo = "Interval WatchKit Extension";
		};
/* End PBXContainerItemProxy section */

/* Begin PBXCopyFilesBuildPhase section */
		DE002C951CAF2AF100FE65CE /* Embed Frameworks */ = {
			isa = PBXCopyFilesBuildPhase;
			buildActionMask = 2147483647;
			dstPath = "";
			dstSubfolderSpec = 10;
			files = (
			);
			name = "Embed Frameworks";
			runOnlyForDeploymentPostprocessing = 0;
		};
		DE23179D1CAF17D1007D605C /* Embed Frameworks */ = {
			isa = PBXCopyFilesBuildPhase;
			buildActionMask = 2147483647;
			dstPath = "";
			dstSubfolderSpec = 10;
			files = (
			);
			name = "Embed Frameworks";
			runOnlyForDeploymentPostprocessing = 0;
		};
		DEF28D3E1CADCDDE00D50DC1 /* Embed App Extensions */ = {
			isa = PBXCopyFilesBuildPhase;
			buildActionMask = 2147483647;
			dstPath = "";
			dstSubfolderSpec = 13;
			files = (
				DEF28D261CADCDDE00D50DC1 /* Interval WatchKit Extension.appex in Embed App Extensions */,
			);
			name = "Embed App Extensions";
			runOnlyForDeploymentPostprocessing = 0;
		};
		DEF28D421CADCDDE00D50DC1 /* Embed Watch Content */ = {
			isa = PBXCopyFilesBuildPhase;
			buildActionMask = 2147483647;
			dstPath = "$(CONTENTS_FOLDER_PATH)/Watch";
			dstSubfolderSpec = 16;
			files = (
				DEF28D171CADCDDE00D50DC1 /* Interval WatchKit App.app in Embed Watch Content */,
			);
			name = "Embed Watch Content";
			runOnlyForDeploymentPostprocessing = 0;
		};
/* End PBXCopyFilesBuildPhase section */

/* Begin PBXFileReference section */
		DE002C881CAF24D300FE65CE /* Interval WatchKit Extension.entitlements */ = {isa = PBXFileReference; lastKnownFileType = text.xml; path = "Interval WatchKit Extension.entitlements"; sourceTree = "<group>"; };
		DE002C891CAF254100FE65CE /* Interval WatchKit App.entitlements */ = {isa = PBXFileReference; lastKnownFileType = text.xml; path = "Interval WatchKit App.entitlements"; sourceTree = "<group>"; };
		DE19C4BA1F35367F0096F70C /* RemindersDataManager.swift */ = {isa = PBXFileReference; fileEncoding = 4; lastKnownFileType = sourcecode.swift; path = RemindersDataManager.swift; sourceTree = "<group>"; };
		DE1DFDA61F34F023004D99E3 /* RemindersDetailTableViewController.swift */ = {isa = PBXFileReference; fileEncoding = 4; lastKnownFileType = sourcecode.swift; path = RemindersDetailTableViewController.swift; sourceTree = "<group>"; };
		DE1DFDA81F34F03E004D99E3 /* RemindersEditDateViewController.swift */ = {isa = PBXFileReference; fileEncoding = 4; lastKnownFileType = sourcecode.swift; path = RemindersEditDateViewController.swift; sourceTree = "<group>"; };
		DE1DFDAA1F34F362004D99E3 /* ReminderTableViewCell.swift */ = {isa = PBXFileReference; fileEncoding = 4; lastKnownFileType = sourcecode.swift; path = ReminderTableViewCell.swift; sourceTree = "<group>"; };
		DE1DFDAD1F34F4F6004D99E3 /* IntrvalDataModel.xcdatamodel */ = {isa = PBXFileReference; lastKnownFileType = wrapper.xcdatamodel; path = IntrvalDataModel.xcdatamodel; sourceTree = "<group>"; };
		DE1DFDAF1F34F57E004D99E3 /* Reminder+CoreDataClass.swift */ = {isa = PBXFileReference; fileEncoding = 4; lastKnownFileType = sourcecode.swift; path = "Reminder+CoreDataClass.swift"; sourceTree = "<group>"; };
		DE1DFDB01F34F57E004D99E3 /* Reminder+CoreDataProperties.swift */ = {isa = PBXFileReference; fileEncoding = 4; lastKnownFileType = sourcecode.swift; path = "Reminder+CoreDataProperties.swift"; sourceTree = "<group>"; };
		DE23177D1CAF163A007D605C /* Interval.entitlements */ = {isa = PBXFileReference; lastKnownFileType = text.xml; path = Interval.entitlements; sourceTree = "<group>"; };
		DE2685CF1CDE8ED900742BF7 /* ComplicationDataHelper.swift */ = {isa = PBXFileReference; fileEncoding = 4; lastKnownFileType = sourcecode.swift; path = ComplicationDataHelper.swift; sourceTree = "<group>"; };
		DE2DED011F311C6100058A4A /* IntervalTableViewCell.swift */ = {isa = PBXFileReference; fileEncoding = 4; lastKnownFileType = sourcecode.swift; path = IntervalTableViewCell.swift; sourceTree = "<group>"; };
		DE2DED031F311DD700058A4A /* IntervalListTableViewController.swift */ = {isa = PBXFileReference; fileEncoding = 4; lastKnownFileType = sourcecode.swift; path = IntervalListTableViewController.swift; sourceTree = "<group>"; };
		DE2DED071F312C8000058A4A /* IntervalDetailTableViewController.swift */ = {isa = PBXFileReference; fileEncoding = 4; lastKnownFileType = sourcecode.swift; path = IntervalDetailTableViewController.swift; sourceTree = "<group>"; };
		DE2DED091F313BB300058A4A /* EditDateViewController.swift */ = {isa = PBXFileReference; fileEncoding = 4; lastKnownFileType = sourcecode.swift; path = EditDateViewController.swift; sourceTree = "<group>"; };
		DE2DED0B1F313BC600058A4A /* EditTimeViewController.swift */ = {isa = PBXFileReference; fileEncoding = 4; lastKnownFileType = sourcecode.swift; path = EditTimeViewController.swift; sourceTree = "<group>"; };
		DE2DED0D1F313C3E00058A4A /* CircleButton.swift */ = {isa = PBXFileReference; fileEncoding = 4; lastKnownFileType = sourcecode.swift; path = CircleButton.swift; sourceTree = "<group>"; };
		DE2DED0F1F324E0500058A4A /* WatchInterval.swift */ = {isa = PBXFileReference; fileEncoding = 4; lastKnownFileType = sourcecode.swift; path = WatchInterval.swift; sourceTree = "<group>"; };
		DE2DED111F3270B700058A4A /* EditDateInterfaceController.swift */ = {isa = PBXFileReference; fileEncoding = 4; lastKnownFileType = sourcecode.swift; path = EditDateInterfaceController.swift; sourceTree = "<group>"; };
		DE4F8F2B1DC4567000E15F17 /* ClockKit.framework */ = {isa = PBXFileReference; lastKnownFileType = wrapper.framework; name = ClockKit.framework; path = Platforms/WatchOS.platform/Developer/SDKs/WatchOS3.0.sdk/System/Library/Frameworks/ClockKit.framework; sourceTree = DEVELOPER_DIR; };
		DE5126471D527E750010DDC1 /* .gitignore */ = {isa = PBXFileReference; fileEncoding = 4; lastKnownFileType = text; path = .gitignore; sourceTree = "<group>"; };
		DE676D081F423E5F0006CD11 /* Launch.storyboard */ = {isa = PBXFileReference; fileEncoding = 4; lastKnownFileType = file.storyboard; path = Launch.storyboard; sourceTree = "<group>"; };
		DEC0FA1A1D95B8BA0003C6F8 /* RateStatus.swift */ = {isa = PBXFileReference; fileEncoding = 4; lastKnownFileType = sourcecode.swift; path = RateStatus.swift; sourceTree = "<group>"; };
		DEED85DD1F33C43000D95EB7 /* RemindersChooseTypeTableViewController.swift */ = {isa = PBXFileReference; fileEncoding = 4; lastKnownFileType = sourcecode.swift; path = RemindersChooseTypeTableViewController.swift; sourceTree = "<group>"; };
		DEED85DF1F33C45100D95EB7 /* RemindersSetPeriodConstantViewController.swift */ = {isa = PBXFileReference; fileEncoding = 4; lastKnownFileType = sourcecode.swift; path = RemindersSetPeriodConstantViewController.swift; sourceTree = "<group>"; };
		DEED85E11F33C46600D95EB7 /* RemindersListTableViewController.swift */ = {isa = PBXFileReference; fileEncoding = 4; lastKnownFileType = sourcecode.swift; path = RemindersListTableViewController.swift; sourceTree = "<group>"; };
		DEF28CEE1CADCDDE00D50DC1 /* Interval.app */ = {isa = PBXFileReference; explicitFileType = wrapper.application; includeInIndex = 0; path = Interval.app; sourceTree = BUILT_PRODUCTS_DIR; };
		DEF28CFD1CADCDDE00D50DC1 /* Info.plist */ = {isa = PBXFileReference; lastKnownFileType = text.plist.xml; path = Info.plist; sourceTree = "<group>"; };
		DEF28D021CADCDDE00D50DC1 /* IntervalTests.xctest */ = {isa = PBXFileReference; explicitFileType = wrapper.cfbundle; includeInIndex = 0; path = IntervalTests.xctest; sourceTree = BUILT_PRODUCTS_DIR; };
		DEF28D061CADCDDE00D50DC1 /* IntervalTests.swift */ = {isa = PBXFileReference; lastKnownFileType = sourcecode.swift; path = IntervalTests.swift; sourceTree = "<group>"; };
		DEF28D081CADCDDE00D50DC1 /* Info.plist */ = {isa = PBXFileReference; lastKnownFileType = text.plist.xml; path = Info.plist; sourceTree = "<group>"; };
		DEF28D0D1CADCDDE00D50DC1 /* IntervalUITests.xctest */ = {isa = PBXFileReference; explicitFileType = wrapper.cfbundle; includeInIndex = 0; path = IntervalUITests.xctest; sourceTree = BUILT_PRODUCTS_DIR; };
		DEF28D111CADCDDE00D50DC1 /* IntervalUITests.swift */ = {isa = PBXFileReference; lastKnownFileType = sourcecode.swift; path = IntervalUITests.swift; sourceTree = "<group>"; };
		DEF28D131CADCDDE00D50DC1 /* Info.plist */ = {isa = PBXFileReference; lastKnownFileType = text.plist.xml; path = Info.plist; sourceTree = "<group>"; };
		DEF28D161CADCDDE00D50DC1 /* Interval WatchKit App.app */ = {isa = PBXFileReference; explicitFileType = wrapper.application; includeInIndex = 0; path = "Interval WatchKit App.app"; sourceTree = BUILT_PRODUCTS_DIR; };
		DEF28D1C1CADCDDE00D50DC1 /* Base */ = {isa = PBXFileReference; lastKnownFileType = file.storyboard; name = Base; path = Base.lproj/Interface.storyboard; sourceTree = "<group>"; };
		DEF28D1E1CADCDDE00D50DC1 /* Assets.xcassets */ = {isa = PBXFileReference; lastKnownFileType = folder.assetcatalog; path = Assets.xcassets; sourceTree = "<group>"; };
		DEF28D201CADCDDE00D50DC1 /* Info.plist */ = {isa = PBXFileReference; lastKnownFileType = text.plist.xml; path = Info.plist; sourceTree = "<group>"; };
		DEF28D251CADCDDE00D50DC1 /* Interval WatchKit Extension.appex */ = {isa = PBXFileReference; explicitFileType = "wrapper.app-extension"; includeInIndex = 0; path = "Interval WatchKit Extension.appex"; sourceTree = BUILT_PRODUCTS_DIR; };
		DEF28D2C1CADCDDE00D50DC1 /* InterfaceController.swift */ = {isa = PBXFileReference; lastKnownFileType = sourcecode.swift; path = InterfaceController.swift; sourceTree = "<group>"; };
		DEF28D2E1CADCDDE00D50DC1 /* ExtensionDelegate.swift */ = {isa = PBXFileReference; lastKnownFileType = sourcecode.swift; path = ExtensionDelegate.swift; sourceTree = "<group>"; };
		DEF28D301CADCDDE00D50DC1 /* NotificationController.swift */ = {isa = PBXFileReference; lastKnownFileType = sourcecode.swift; path = NotificationController.swift; sourceTree = "<group>"; };
		DEF28D341CADCDDE00D50DC1 /* ComplicationController.swift */ = {isa = PBXFileReference; lastKnownFileType = sourcecode.swift; path = ComplicationController.swift; sourceTree = "<group>"; };
		DEF28D361CADCDDE00D50DC1 /* Assets.xcassets */ = {isa = PBXFileReference; lastKnownFileType = folder.assetcatalog; path = Assets.xcassets; sourceTree = "<group>"; };
		DEF28D381CADCDDE00D50DC1 /* Info.plist */ = {isa = PBXFileReference; lastKnownFileType = text.plist.xml; path = Info.plist; sourceTree = "<group>"; };
		DEF9977D1D1DC61E00DAD02E /* AppDelegate.swift */ = {isa = PBXFileReference; fileEncoding = 4; lastKnownFileType = sourcecode.swift; path = AppDelegate.swift; sourceTree = "<group>"; };
		DEF9977F1D1DC69400DAD02E /* LaunchScreen.storyboard */ = {isa = PBXFileReference; fileEncoding = 4; lastKnownFileType = file.storyboard; path = LaunchScreen.storyboard; sourceTree = "<group>"; };
		DEF997801D1DC69400DAD02E /* Colors.swift */ = {isa = PBXFileReference; fileEncoding = 4; lastKnownFileType = sourcecode.swift; path = Colors.swift; sourceTree = "<group>"; };
		DEF997811D1DC69400DAD02E /* ComplicationDataHelper.swift */ = {isa = PBXFileReference; fileEncoding = 4; lastKnownFileType = sourcecode.swift; path = ComplicationDataHelper.swift; sourceTree = "<group>"; };
		DEF997821D1DC69400DAD02E /* DataManager.swift */ = {isa = PBXFileReference; fileEncoding = 4; lastKnownFileType = sourcecode.swift; path = DataManager.swift; sourceTree = "<group>"; };
		DEF997831D1DC69400DAD02E /* Extensions.swift */ = {isa = PBXFileReference; fileEncoding = 4; lastKnownFileType = sourcecode.swift; path = Extensions.swift; sourceTree = "<group>"; };
		DEF997841D1DC69400DAD02E /* HelpViewController.swift */ = {isa = PBXFileReference; fileEncoding = 4; lastKnownFileType = sourcecode.swift; path = HelpViewController.swift; sourceTree = "<group>"; };
		DEF997851D1DC69400DAD02E /* Interval.swift */ = {isa = PBXFileReference; fileEncoding = 4; lastKnownFileType = sourcecode.swift; path = Interval.swift; sourceTree = "<group>"; };
		DEF997861D1DC69400DAD02E /* Keys.swift */ = {isa = PBXFileReference; fileEncoding = 4; lastKnownFileType = sourcecode.swift; path = Keys.swift; sourceTree = "<group>"; };
		DEF997871D1DC69400DAD02E /* ViewController.swift */ = {isa = PBXFileReference; fileEncoding = 4; lastKnownFileType = sourcecode.swift; path = ViewController.swift; sourceTree = "<group>"; };
		DEF997911D1DC6B100DAD02E /* Assets.xcassets */ = {isa = PBXFileReference; lastKnownFileType = folder.assetcatalog; path = Assets.xcassets; sourceTree = "<group>"; };
		DEF997931D1DC75C00DAD02E /* Main.storyboard */ = {isa = PBXFileReference; fileEncoding = 4; lastKnownFileType = file.storyboard; path = Main.storyboard; sourceTree = "<group>"; };
/* End PBXFileReference section */

/* Begin PBXFrameworksBuildPhase section */
		DEF28CEB1CADCDDE00D50DC1 /* Frameworks */ = {
			isa = PBXFrameworksBuildPhase;
			buildActionMask = 2147483647;
			files = (
			);
			runOnlyForDeploymentPostprocessing = 0;
		};
		DEF28CFF1CADCDDE00D50DC1 /* Frameworks */ = {
			isa = PBXFrameworksBuildPhase;
			buildActionMask = 2147483647;
			files = (
			);
			runOnlyForDeploymentPostprocessing = 0;
		};
		DEF28D0A1CADCDDE00D50DC1 /* Frameworks */ = {
			isa = PBXFrameworksBuildPhase;
			buildActionMask = 2147483647;
			files = (
			);
			runOnlyForDeploymentPostprocessing = 0;
		};
		DEF28D221CADCDDE00D50DC1 /* Frameworks */ = {
			isa = PBXFrameworksBuildPhase;
			buildActionMask = 2147483647;
			files = (
				DE4F8F2C1DC4567000E15F17 /* ClockKit.framework in Frameworks */,
			);
			runOnlyForDeploymentPostprocessing = 0;
		};
/* End PBXFrameworksBuildPhase section */

/* Begin PBXGroup section */
		DE4F8F2A1DC4566F00E15F17 /* Frameworks */ = {
			isa = PBXGroup;
			children = (
				DE4F8F2B1DC4567000E15F17 /* ClockKit.framework */,
			);
			name = Frameworks;
			sourceTree = "<group>";
		};
		DEEA5F031CAF651800F1CBA7 /* Supporting Files */ = {
			isa = PBXGroup;
			children = (
				DEF28CFD1CADCDDE00D50DC1 /* Info.plist */,
				DE23177D1CAF163A007D605C /* Interval.entitlements */,
			);
			name = "Supporting Files";
			sourceTree = "<group>";
		};
		DEF28CE51CADCDDE00D50DC1 = {
			isa = PBXGroup;
			children = (
				DEF28CF01CADCDDE00D50DC1 /* Interval */,
				DEF28D051CADCDDE00D50DC1 /* IntervalTests */,
				DEF28D101CADCDDE00D50DC1 /* IntervalUITests */,
				DEF28D1A1CADCDDE00D50DC1 /* Interval WatchKit App */,
				DEF28D291CADCDDE00D50DC1 /* Interval WatchKit Extension */,
				DEF28CEF1CADCDDE00D50DC1 /* Products */,
				DE4F8F2A1DC4566F00E15F17 /* Frameworks */,
			);
			sourceTree = "<group>";
		};
		DEF28CEF1CADCDDE00D50DC1 /* Products */ = {
			isa = PBXGroup;
			children = (
				DEF28CEE1CADCDDE00D50DC1 /* Interval.app */,
				DEF28D021CADCDDE00D50DC1 /* IntervalTests.xctest */,
				DEF28D0D1CADCDDE00D50DC1 /* IntervalUITests.xctest */,
				DEF28D161CADCDDE00D50DC1 /* Interval WatchKit App.app */,
				DEF28D251CADCDDE00D50DC1 /* Interval WatchKit Extension.appex */,
			);
			name = Products;
			sourceTree = "<group>";
		};
		DEF28CF01CADCDDE00D50DC1 /* Interval */ = {
			isa = PBXGroup;
			children = (
				DE1DFDAF1F34F57E004D99E3 /* Reminder+CoreDataClass.swift */,
				DE1DFDB01F34F57E004D99E3 /* Reminder+CoreDataProperties.swift */,
				DEF9977D1D1DC61E00DAD02E /* AppDelegate.swift */,
				DE5126471D527E750010DDC1 /* .gitignore */,
				DEF997931D1DC75C00DAD02E /* Main.storyboard */,
				DEF997871D1DC69400DAD02E /* ViewController.swift */,
				DEF997841D1DC69400DAD02E /* HelpViewController.swift */,
				DEF997821D1DC69400DAD02E /* DataManager.swift */,
				DE19C4BA1F35367F0096F70C /* RemindersDataManager.swift */,
				DEF997811D1DC69400DAD02E /* ComplicationDataHelper.swift */,
				DEC0FA1A1D95B8BA0003C6F8 /* RateStatus.swift */,
				DEF997851D1DC69400DAD02E /* Interval.swift */,
				DE1DFDA61F34F023004D99E3 /* RemindersDetailTableViewController.swift */,
				DE1DFDA81F34F03E004D99E3 /* RemindersEditDateViewController.swift */,
				DE1DFDAA1F34F362004D99E3 /* ReminderTableViewCell.swift */,
				DE2DED091F313BB300058A4A /* EditDateViewController.swift */,
				DE2DED0B1F313BC600058A4A /* EditTimeViewController.swift */,
				DE2DED0D1F313C3E00058A4A /* CircleButton.swift */,
				DE2DED031F311DD700058A4A /* IntervalListTableViewController.swift */,
				DE2DED011F311C6100058A4A /* IntervalTableViewCell.swift */,
				DEED85DD1F33C43000D95EB7 /* RemindersChooseTypeTableViewController.swift */,
				DEED85DF1F33C45100D95EB7 /* RemindersSetPeriodConstantViewController.swift */,
				DEED85E11F33C46600D95EB7 /* RemindersListTableViewController.swift */,
				DEF997861D1DC69400DAD02E /* Keys.swift */,
				DE2DED071F312C8000058A4A /* IntervalDetailTableViewController.swift */,
				DEF997801D1DC69400DAD02E /* Colors.swift */,
				DEF997831D1DC69400DAD02E /* Extensions.swift */,
				DE1DFDAC1F34F4F6004D99E3 /* IntrvalDataModel.xcdatamodeld */,
				DEF997911D1DC6B100DAD02E /* Assets.xcassets */,
				DEF9977F1D1DC69400DAD02E /* LaunchScreen.storyboard */,
				DE676D081F423E5F0006CD11 /* Launch.storyboard */,
				DEEA5F031CAF651800F1CBA7 /* Supporting Files */,
			);
			path = Interval;
			sourceTree = "<group>";
		};
		DEF28D051CADCDDE00D50DC1 /* IntervalTests */ = {
			isa = PBXGroup;
			children = (
				DEF28D061CADCDDE00D50DC1 /* IntervalTests.swift */,
				DEF28D081CADCDDE00D50DC1 /* Info.plist */,
			);
			path = IntervalTests;
			sourceTree = "<group>";
		};
		DEF28D101CADCDDE00D50DC1 /* IntervalUITests */ = {
			isa = PBXGroup;
			children = (
				DEF28D111CADCDDE00D50DC1 /* IntervalUITests.swift */,
				DEF28D131CADCDDE00D50DC1 /* Info.plist */,
			);
			path = IntervalUITests;
			sourceTree = "<group>";
		};
		DEF28D1A1CADCDDE00D50DC1 /* Interval WatchKit App */ = {
			isa = PBXGroup;
			children = (
				DE002C891CAF254100FE65CE /* Interval WatchKit App.entitlements */,
				DEF28D1B1CADCDDE00D50DC1 /* Interface.storyboard */,
				DEF28D1E1CADCDDE00D50DC1 /* Assets.xcassets */,
				DEF28D201CADCDDE00D50DC1 /* Info.plist */,
			);
			path = "Interval WatchKit App";
			sourceTree = "<group>";
		};
		DEF28D291CADCDDE00D50DC1 /* Interval WatchKit Extension */ = {
			isa = PBXGroup;
			children = (
				DE002C881CAF24D300FE65CE /* Interval WatchKit Extension.entitlements */,
				DEF28D2C1CADCDDE00D50DC1 /* InterfaceController.swift */,
				DE2DED111F3270B700058A4A /* EditDateInterfaceController.swift */,
				DEF28D2E1CADCDDE00D50DC1 /* ExtensionDelegate.swift */,
				DE2685CF1CDE8ED900742BF7 /* ComplicationDataHelper.swift */,
				DE2DED0F1F324E0500058A4A /* WatchInterval.swift */,
				DEF28D301CADCDDE00D50DC1 /* NotificationController.swift */,
				DEF28D341CADCDDE00D50DC1 /* ComplicationController.swift */,
				DEF28D361CADCDDE00D50DC1 /* Assets.xcassets */,
				DEF28D381CADCDDE00D50DC1 /* Info.plist */,
				DEF28D2A1CADCDDE00D50DC1 /* Supporting Files */,
			);
			path = "Interval WatchKit Extension";
			sourceTree = "<group>";
		};
		DEF28D2A1CADCDDE00D50DC1 /* Supporting Files */ = {
			isa = PBXGroup;
			children = (
			);
			name = "Supporting Files";
			sourceTree = "<group>";
		};
/* End PBXGroup section */

/* Begin PBXNativeTarget section */
		DEF28CED1CADCDDE00D50DC1 /* Interval */ = {
			isa = PBXNativeTarget;
			buildConfigurationList = DEF28D431CADCDDE00D50DC1 /* Build configuration list for PBXNativeTarget "Interval" */;
			buildPhases = (
				DEF28CEA1CADCDDE00D50DC1 /* Sources */,
				DEF28CEB1CADCDDE00D50DC1 /* Frameworks */,
				DEF28CEC1CADCDDE00D50DC1 /* Resources */,
				DEF28D421CADCDDE00D50DC1 /* Embed Watch Content */,
				DE23179D1CAF17D1007D605C /* Embed Frameworks */,
			);
			buildRules = (
			);
			dependencies = (
				DEF28D191CADCDDE00D50DC1 /* PBXTargetDependency */,
			);
			name = Interval;
			productName = Interval;
			productReference = DEF28CEE1CADCDDE00D50DC1 /* Interval.app */;
			productType = "com.apple.product-type.application";
		};
		DEF28D011CADCDDE00D50DC1 /* IntervalTests */ = {
			isa = PBXNativeTarget;
			buildConfigurationList = DEF28D461CADCDDE00D50DC1 /* Build configuration list for PBXNativeTarget "IntervalTests" */;
			buildPhases = (
				DEF28CFE1CADCDDE00D50DC1 /* Sources */,
				DEF28CFF1CADCDDE00D50DC1 /* Frameworks */,
				DEF28D001CADCDDE00D50DC1 /* Resources */,
			);
			buildRules = (
			);
			dependencies = (
				DEF28D041CADCDDE00D50DC1 /* PBXTargetDependency */,
			);
			name = IntervalTests;
			productName = IntervalTests;
			productReference = DEF28D021CADCDDE00D50DC1 /* IntervalTests.xctest */;
			productType = "com.apple.product-type.bundle.unit-test";
		};
		DEF28D0C1CADCDDE00D50DC1 /* IntervalUITests */ = {
			isa = PBXNativeTarget;
			buildConfigurationList = DEF28D491CADCDDE00D50DC1 /* Build configuration list for PBXNativeTarget "IntervalUITests" */;
			buildPhases = (
				DEF28D091CADCDDE00D50DC1 /* Sources */,
				DEF28D0A1CADCDDE00D50DC1 /* Frameworks */,
				DEF28D0B1CADCDDE00D50DC1 /* Resources */,
			);
			buildRules = (
			);
			dependencies = (
				DEF28D0F1CADCDDE00D50DC1 /* PBXTargetDependency */,
			);
			name = IntervalUITests;
			productName = IntervalUITests;
			productReference = DEF28D0D1CADCDDE00D50DC1 /* IntervalUITests.xctest */;
			productType = "com.apple.product-type.bundle.ui-testing";
		};
		DEF28D151CADCDDE00D50DC1 /* Interval WatchKit App */ = {
			isa = PBXNativeTarget;
			buildConfigurationList = DEF28D3F1CADCDDE00D50DC1 /* Build configuration list for PBXNativeTarget "Interval WatchKit App" */;
			buildPhases = (
				DEF28D141CADCDDE00D50DC1 /* Resources */,
				DEF28D3E1CADCDDE00D50DC1 /* Embed App Extensions */,
			);
			buildRules = (
			);
			dependencies = (
				DEF28D281CADCDDE00D50DC1 /* PBXTargetDependency */,
			);
			name = "Interval WatchKit App";
			productName = "Interval WatchKit App";
			productReference = DEF28D161CADCDDE00D50DC1 /* Interval WatchKit App.app */;
			productType = "com.apple.product-type.application.watchapp2";
		};
		DEF28D241CADCDDE00D50DC1 /* Interval WatchKit Extension */ = {
			isa = PBXNativeTarget;
			buildConfigurationList = DEF28D3B1CADCDDE00D50DC1 /* Build configuration list for PBXNativeTarget "Interval WatchKit Extension" */;
			buildPhases = (
				DEF28D211CADCDDE00D50DC1 /* Sources */,
				DEF28D221CADCDDE00D50DC1 /* Frameworks */,
				DEF28D231CADCDDE00D50DC1 /* Resources */,
				DE002C951CAF2AF100FE65CE /* Embed Frameworks */,
			);
			buildRules = (
			);
			dependencies = (
			);
			name = "Interval WatchKit Extension";
			productName = "Interval WatchKit Extension";
			productReference = DEF28D251CADCDDE00D50DC1 /* Interval WatchKit Extension.appex */;
			productType = "com.apple.product-type.watchkit2-extension";
		};
/* End PBXNativeTarget section */

/* Begin PBXProject section */
		DEF28CE61CADCDDE00D50DC1 /* Project object */ = {
			isa = PBXProject;
			attributes = {
				LastSwiftUpdateCheck = 0730;
				LastUpgradeCheck = 1130;
				ORGANIZATIONNAME = "Wes Moore";
				TargetAttributes = {
					DEF28CED1CADCDDE00D50DC1 = {
						CreatedOnToolsVersion = 7.3;
						DevelopmentTeam = QMD339GZVQ;
						LastSwiftMigration = 1130;
						SystemCapabilities = {
							com.apple.ApplicationGroups.iOS = {
								enabled = 0;
							};
							com.apple.Push = {
								enabled = 0;
							};
						};
					};
					DEF28D011CADCDDE00D50DC1 = {
						CreatedOnToolsVersion = 7.3;
						LastSwiftMigration = 1130;
						TestTargetID = DEF28CED1CADCDDE00D50DC1;
					};
					DEF28D0C1CADCDDE00D50DC1 = {
						CreatedOnToolsVersion = 7.3;
						LastSwiftMigration = 1130;
						TestTargetID = DEF28CED1CADCDDE00D50DC1;
					};
					DEF28D151CADCDDE00D50DC1 = {
						CreatedOnToolsVersion = 7.3;
						DevelopmentTeam = QMD339GZVQ;
						LastSwiftMigration = 0800;
						SystemCapabilities = {
							com.apple.ApplicationGroups.iOS = {
								enabled = 1;
							};
						};
					};
					DEF28D241CADCDDE00D50DC1 = {
						CreatedOnToolsVersion = 7.3;
						DevelopmentTeam = QMD339GZVQ;
						LastSwiftMigration = 1130;
						SystemCapabilities = {
							com.apple.ApplicationGroups.iOS = {
								enabled = 1;
							};
						};
					};
				};
			};
			buildConfigurationList = DEF28CE91CADCDDE00D50DC1 /* Build configuration list for PBXProject "Interval" */;
			compatibilityVersion = "Xcode 3.2";
			developmentRegion = en;
			hasScannedForEncodings = 0;
			knownRegions = (
				en,
				Base,
			);
			mainGroup = DEF28CE51CADCDDE00D50DC1;
			productRefGroup = DEF28CEF1CADCDDE00D50DC1 /* Products */;
			projectDirPath = "";
			projectRoot = "";
			targets = (
				DEF28CED1CADCDDE00D50DC1 /* Interval */,
				DEF28D011CADCDDE00D50DC1 /* IntervalTests */,
				DEF28D0C1CADCDDE00D50DC1 /* IntervalUITests */,
				DEF28D151CADCDDE00D50DC1 /* Interval WatchKit App */,
				DEF28D241CADCDDE00D50DC1 /* Interval WatchKit Extension */,
			);
		};
/* End PBXProject section */

/* Begin PBXResourcesBuildPhase section */
		DEF28CEC1CADCDDE00D50DC1 /* Resources */ = {
			isa = PBXResourcesBuildPhase;
			buildActionMask = 2147483647;
			files = (
				DE5126481D527E750010DDC1 /* .gitignore in Resources */,
				DE676D091F423E5F0006CD11 /* Launch.storyboard in Resources */,
				DEF997941D1DC75C00DAD02E /* Main.storyboard in Resources */,
				DEF997881D1DC69400DAD02E /* LaunchScreen.storyboard in Resources */,
				DEF997921D1DC6B100DAD02E /* Assets.xcassets in Resources */,
			);
			runOnlyForDeploymentPostprocessing = 0;
		};
		DEF28D001CADCDDE00D50DC1 /* Resources */ = {
			isa = PBXResourcesBuildPhase;
			buildActionMask = 2147483647;
			files = (
			);
			runOnlyForDeploymentPostprocessing = 0;
		};
		DEF28D0B1CADCDDE00D50DC1 /* Resources */ = {
			isa = PBXResourcesBuildPhase;
			buildActionMask = 2147483647;
			files = (
			);
			runOnlyForDeploymentPostprocessing = 0;
		};
		DEF28D141CADCDDE00D50DC1 /* Resources */ = {
			isa = PBXResourcesBuildPhase;
			buildActionMask = 2147483647;
			files = (
				DEF28D1F1CADCDDE00D50DC1 /* Assets.xcassets in Resources */,
				DEF28D1D1CADCDDE00D50DC1 /* Interface.storyboard in Resources */,
			);
			runOnlyForDeploymentPostprocessing = 0;
		};
		DEF28D231CADCDDE00D50DC1 /* Resources */ = {
			isa = PBXResourcesBuildPhase;
			buildActionMask = 2147483647;
			files = (
				DEF28D371CADCDDE00D50DC1 /* Assets.xcassets in Resources */,
			);
			runOnlyForDeploymentPostprocessing = 0;
		};
/* End PBXResourcesBuildPhase section */

/* Begin PBXSourcesBuildPhase section */
		DEF28CEA1CADCDDE00D50DC1 /* Sources */ = {
			isa = PBXSourcesBuildPhase;
			buildActionMask = 2147483647;
			files = (
				DE2DED0A1F313BB300058A4A /* EditDateViewController.swift in Sources */,
				DE1DFDAE1F34F4F6004D99E3 /* IntrvalDataModel.xcdatamodeld in Sources */,
				DEF9978C1D1DC69400DAD02E /* Extensions.swift in Sources */,
				DEF9978F1D1DC69400DAD02E /* Keys.swift in Sources */,
				DE1DFDB21F34F57E004D99E3 /* Reminder+CoreDataProperties.swift in Sources */,
				DEF9978D1D1DC69400DAD02E /* HelpViewController.swift in Sources */,
				DEED85DE1F33C43000D95EB7 /* RemindersChooseTypeTableViewController.swift in Sources */,
				DEC0FA1B1D95B8BA0003C6F8 /* RateStatus.swift in Sources */,
				DEED85E21F33C46600D95EB7 /* RemindersListTableViewController.swift in Sources */,
				DE19C4BB1F35367F0096F70C /* RemindersDataManager.swift in Sources */,
				DE2DED041F311DD700058A4A /* IntervalListTableViewController.swift in Sources */,
				DE1DFDB11F34F57E004D99E3 /* Reminder+CoreDataClass.swift in Sources */,
				DEF997901D1DC69400DAD02E /* ViewController.swift in Sources */,
				DEF9977E1D1DC61E00DAD02E /* AppDelegate.swift in Sources */,
				DE2DED0C1F313BC600058A4A /* EditTimeViewController.swift in Sources */,
				DEF9978B1D1DC69400DAD02E /* DataManager.swift in Sources */,
				DE2DED081F312C8000058A4A /* IntervalDetailTableViewController.swift in Sources */,
				DEED85E01F33C45100D95EB7 /* RemindersSetPeriodConstantViewController.swift in Sources */,
				DE1DFDA71F34F023004D99E3 /* RemindersDetailTableViewController.swift in Sources */,
				DE1DFDA91F34F03E004D99E3 /* RemindersEditDateViewController.swift in Sources */,
				DE2DED0E1F313C3E00058A4A /* CircleButton.swift in Sources */,
				DE1DFDAB1F34F362004D99E3 /* ReminderTableViewCell.swift in Sources */,
				DEF997891D1DC69400DAD02E /* Colors.swift in Sources */,
				DEF9978E1D1DC69400DAD02E /* Interval.swift in Sources */,
				DE2DED021F311C6100058A4A /* IntervalTableViewCell.swift in Sources */,
				DEF9978A1D1DC69400DAD02E /* ComplicationDataHelper.swift in Sources */,
			);
			runOnlyForDeploymentPostprocessing = 0;
		};
		DEF28CFE1CADCDDE00D50DC1 /* Sources */ = {
			isa = PBXSourcesBuildPhase;
			buildActionMask = 2147483647;
			files = (
				DEF28D071CADCDDE00D50DC1 /* IntervalTests.swift in Sources */,
			);
			runOnlyForDeploymentPostprocessing = 0;
		};
		DEF28D091CADCDDE00D50DC1 /* Sources */ = {
			isa = PBXSourcesBuildPhase;
			buildActionMask = 2147483647;
			files = (
				DEF28D121CADCDDE00D50DC1 /* IntervalUITests.swift in Sources */,
			);
			runOnlyForDeploymentPostprocessing = 0;
		};
		DEF28D211CADCDDE00D50DC1 /* Sources */ = {
			isa = PBXSourcesBuildPhase;
			buildActionMask = 2147483647;
			files = (
				DEF28D311CADCDDE00D50DC1 /* NotificationController.swift in Sources */,
				DE2DED101F324E0600058A4A /* WatchInterval.swift in Sources */,
				DE2DED121F3270B700058A4A /* EditDateInterfaceController.swift in Sources */,
				DE2685D01CDE8ED900742BF7 /* ComplicationDataHelper.swift in Sources */,
				DEF28D2F1CADCDDE00D50DC1 /* ExtensionDelegate.swift in Sources */,
				DEF28D351CADCDDE00D50DC1 /* ComplicationController.swift in Sources */,
				DEF28D2D1CADCDDE00D50DC1 /* InterfaceController.swift in Sources */,
			);
			runOnlyForDeploymentPostprocessing = 0;
		};
/* End PBXSourcesBuildPhase section */

/* Begin PBXTargetDependency section */
		DEF28D041CADCDDE00D50DC1 /* PBXTargetDependency */ = {
			isa = PBXTargetDependency;
			target = DEF28CED1CADCDDE00D50DC1 /* Interval */;
			targetProxy = DEF28D031CADCDDE00D50DC1 /* PBXContainerItemProxy */;
		};
		DEF28D0F1CADCDDE00D50DC1 /* PBXTargetDependency */ = {
			isa = PBXTargetDependency;
			target = DEF28CED1CADCDDE00D50DC1 /* Interval */;
			targetProxy = DEF28D0E1CADCDDE00D50DC1 /* PBXContainerItemProxy */;
		};
		DEF28D191CADCDDE00D50DC1 /* PBXTargetDependency */ = {
			isa = PBXTargetDependency;
			target = DEF28D151CADCDDE00D50DC1 /* Interval WatchKit App */;
			targetProxy = DEF28D181CADCDDE00D50DC1 /* PBXContainerItemProxy */;
		};
		DEF28D281CADCDDE00D50DC1 /* PBXTargetDependency */ = {
			isa = PBXTargetDependency;
			target = DEF28D241CADCDDE00D50DC1 /* Interval WatchKit Extension */;
			targetProxy = DEF28D271CADCDDE00D50DC1 /* PBXContainerItemProxy */;
		};
/* End PBXTargetDependency section */

/* Begin PBXVariantGroup section */
		DEF28D1B1CADCDDE00D50DC1 /* Interface.storyboard */ = {
			isa = PBXVariantGroup;
			children = (
				DEF28D1C1CADCDDE00D50DC1 /* Base */,
			);
			name = Interface.storyboard;
			sourceTree = "<group>";
		};
/* End PBXVariantGroup section */

/* Begin XCBuildConfiguration section */
		DEF28D391CADCDDE00D50DC1 /* Debug */ = {
			isa = XCBuildConfiguration;
			buildSettings = {
				ALWAYS_SEARCH_USER_PATHS = NO;
				CLANG_ANALYZER_LOCALIZABILITY_NONLOCALIZED = YES;
				CLANG_ANALYZER_NONNULL = YES;
				CLANG_CXX_LANGUAGE_STANDARD = "gnu++0x";
				CLANG_CXX_LIBRARY = "libc++";
				CLANG_ENABLE_MODULES = YES;
				CLANG_ENABLE_OBJC_ARC = YES;
				CLANG_WARN_BLOCK_CAPTURE_AUTORELEASING = YES;
				CLANG_WARN_BOOL_CONVERSION = YES;
				CLANG_WARN_COMMA = YES;
				CLANG_WARN_CONSTANT_CONVERSION = YES;
				CLANG_WARN_DEPRECATED_OBJC_IMPLEMENTATIONS = YES;
				CLANG_WARN_DIRECT_OBJC_ISA_USAGE = YES_ERROR;
				CLANG_WARN_EMPTY_BODY = YES;
				CLANG_WARN_ENUM_CONVERSION = YES;
				CLANG_WARN_INFINITE_RECURSION = YES;
				CLANG_WARN_INT_CONVERSION = YES;
				CLANG_WARN_NON_LITERAL_NULL_CONVERSION = YES;
				CLANG_WARN_OBJC_IMPLICIT_RETAIN_SELF = YES;
				CLANG_WARN_OBJC_LITERAL_CONVERSION = YES;
				CLANG_WARN_OBJC_ROOT_CLASS = YES_ERROR;
				CLANG_WARN_RANGE_LOOP_ANALYSIS = YES;
				CLANG_WARN_STRICT_PROTOTYPES = YES;
				CLANG_WARN_SUSPICIOUS_MOVE = YES;
				CLANG_WARN_UNREACHABLE_CODE = YES;
				CLANG_WARN__DUPLICATE_METHOD_MATCH = YES;
				"CODE_SIGN_IDENTITY[sdk=iphoneos*]" = "iPhone Developer";
				COPY_PHASE_STRIP = NO;
				DEBUG_INFORMATION_FORMAT = dwarf;
				ENABLE_STRICT_OBJC_MSGSEND = YES;
				ENABLE_TESTABILITY = YES;
				FRAMEWORK_SEARCH_PATHS = "";
				GCC_C_LANGUAGE_STANDARD = gnu99;
				GCC_DYNAMIC_NO_PIC = NO;
				GCC_NO_COMMON_BLOCKS = YES;
				GCC_OPTIMIZATION_LEVEL = 0;
				GCC_PREPROCESSOR_DEFINITIONS = (
					"DEBUG=1",
					"$(inherited)",
				);
				GCC_WARN_64_TO_32_BIT_CONVERSION = YES;
				GCC_WARN_ABOUT_RETURN_TYPE = YES_ERROR;
				GCC_WARN_UNDECLARED_SELECTOR = YES;
				GCC_WARN_UNINITIALIZED_AUTOS = YES_AGGRESSIVE;
				GCC_WARN_UNUSED_FUNCTION = YES;
				GCC_WARN_UNUSED_VARIABLE = YES;
				IPHONEOS_DEPLOYMENT_TARGET = 11.0;
				MTL_ENABLE_DEBUG_INFO = YES;
				ONLY_ACTIVE_ARCH = YES;
				SDKROOT = iphoneos;
				SWIFT_OPTIMIZATION_LEVEL = "-Onone";
			};
			name = Debug;
		};
		DEF28D3A1CADCDDE00D50DC1 /* Release */ = {
			isa = XCBuildConfiguration;
			buildSettings = {
				ALWAYS_SEARCH_USER_PATHS = NO;
				CLANG_ANALYZER_LOCALIZABILITY_NONLOCALIZED = YES;
				CLANG_ANALYZER_NONNULL = YES;
				CLANG_CXX_LANGUAGE_STANDARD = "gnu++0x";
				CLANG_CXX_LIBRARY = "libc++";
				CLANG_ENABLE_MODULES = YES;
				CLANG_ENABLE_OBJC_ARC = YES;
				CLANG_WARN_BLOCK_CAPTURE_AUTORELEASING = YES;
				CLANG_WARN_BOOL_CONVERSION = YES;
				CLANG_WARN_COMMA = YES;
				CLANG_WARN_CONSTANT_CONVERSION = YES;
				CLANG_WARN_DEPRECATED_OBJC_IMPLEMENTATIONS = YES;
				CLANG_WARN_DIRECT_OBJC_ISA_USAGE = YES_ERROR;
				CLANG_WARN_EMPTY_BODY = YES;
				CLANG_WARN_ENUM_CONVERSION = YES;
				CLANG_WARN_INFINITE_RECURSION = YES;
				CLANG_WARN_INT_CONVERSION = YES;
				CLANG_WARN_NON_LITERAL_NULL_CONVERSION = YES;
				CLANG_WARN_OBJC_IMPLICIT_RETAIN_SELF = YES;
				CLANG_WARN_OBJC_LITERAL_CONVERSION = YES;
				CLANG_WARN_OBJC_ROOT_CLASS = YES_ERROR;
				CLANG_WARN_RANGE_LOOP_ANALYSIS = YES;
				CLANG_WARN_STRICT_PROTOTYPES = YES;
				CLANG_WARN_SUSPICIOUS_MOVE = YES;
				CLANG_WARN_UNREACHABLE_CODE = YES;
				CLANG_WARN__DUPLICATE_METHOD_MATCH = YES;
				"CODE_SIGN_IDENTITY[sdk=iphoneos*]" = "iPhone Developer";
				COPY_PHASE_STRIP = NO;
				DEBUG_INFORMATION_FORMAT = "dwarf-with-dsym";
				ENABLE_NS_ASSERTIONS = NO;
				ENABLE_STRICT_OBJC_MSGSEND = YES;
				GCC_C_LANGUAGE_STANDARD = gnu99;
				GCC_NO_COMMON_BLOCKS = YES;
				GCC_WARN_64_TO_32_BIT_CONVERSION = YES;
				GCC_WARN_ABOUT_RETURN_TYPE = YES_ERROR;
				GCC_WARN_UNDECLARED_SELECTOR = YES;
				GCC_WARN_UNINITIALIZED_AUTOS = YES_AGGRESSIVE;
				GCC_WARN_UNUSED_FUNCTION = YES;
				GCC_WARN_UNUSED_VARIABLE = YES;
				IPHONEOS_DEPLOYMENT_TARGET = 11.0;
				MTL_ENABLE_DEBUG_INFO = NO;
				SDKROOT = iphoneos;
				SWIFT_OPTIMIZATION_LEVEL = "-Owholemodule";
				VALIDATE_PRODUCT = YES;
			};
			name = Release;
		};
		DEF28D3C1CADCDDE00D50DC1 /* Debug */ = {
			isa = XCBuildConfiguration;
			buildSettings = {
				ASSETCATALOG_COMPILER_COMPLICATION_NAME = Complication;
				CODE_SIGN_ENTITLEMENTS = "Interval WatchKit Extension/Interval WatchKit Extension.entitlements";
				CURRENT_PROJECT_VERSION = 19;
				INFOPLIST_FILE = "Interval WatchKit Extension/Info.plist";
				IPHONEOS_DEPLOYMENT_TARGET = 9.0;
				LD_RUNPATH_SEARCH_PATHS = "$(inherited) @executable_path/Frameworks @executable_path/../../Frameworks";
				MARKETING_VERSION = 2.1;
				PRODUCT_BUNDLE_IDENTIFIER = com.WesMoore.Interval.watchkitapp.watchkitextension;
				PRODUCT_NAME = "${TARGET_NAME}";
				SDKROOT = watchos;
				SKIP_INSTALL = YES;
				SWIFT_SWIFT3_OBJC_INFERENCE = Default;
				SWIFT_VERSION = 5.0;
				TARGETED_DEVICE_FAMILY = 4;
				WATCHOS_DEPLOYMENT_TARGET = 5.0;
			};
			name = Debug;
		};
		DEF28D3D1CADCDDE00D50DC1 /* Release */ = {
			isa = XCBuildConfiguration;
			buildSettings = {
				ASSETCATALOG_COMPILER_COMPLICATION_NAME = Complication;
				CODE_SIGN_ENTITLEMENTS = "Interval WatchKit Extension/Interval WatchKit Extension.entitlements";
				CURRENT_PROJECT_VERSION = 19;
				INFOPLIST_FILE = "Interval WatchKit Extension/Info.plist";
				IPHONEOS_DEPLOYMENT_TARGET = 9.0;
				LD_RUNPATH_SEARCH_PATHS = "$(inherited) @executable_path/Frameworks @executable_path/../../Frameworks";
				MARKETING_VERSION = 2.1;
				PRODUCT_BUNDLE_IDENTIFIER = com.WesMoore.Interval.watchkitapp.watchkitextension;
				PRODUCT_NAME = "${TARGET_NAME}";
				SDKROOT = watchos;
				SKIP_INSTALL = YES;
				SWIFT_SWIFT3_OBJC_INFERENCE = Default;
				SWIFT_VERSION = 5.0;
				TARGETED_DEVICE_FAMILY = 4;
				WATCHOS_DEPLOYMENT_TARGET = 5.0;
			};
			name = Release;
		};
		DEF28D401CADCDDE00D50DC1 /* Debug */ = {
			isa = XCBuildConfiguration;
			buildSettings = {
				ALWAYS_EMBED_SWIFT_STANDARD_LIBRARIES = YES;
				ASSETCATALOG_COMPILER_APPICON_NAME = AppIcon;
				CODE_SIGN_ENTITLEMENTS = "Interval WatchKit App/Interval WatchKit App.entitlements";
				CURRENT_PROJECT_VERSION = 19;
				IBSC_MODULE = Interval_WatchKit_Extension;
				INFOPLIST_FILE = "Interval WatchKit App/Info.plist";
				MARKETING_VERSION = 2.1;
				PRODUCT_BUNDLE_IDENTIFIER = com.WesMoore.Interval.watchkitapp;
				PRODUCT_NAME = "$(TARGET_NAME)";
				SDKROOT = watchos;
				SKIP_INSTALL = YES;
				SWIFT_VERSION = 3.0;
				TARGETED_DEVICE_FAMILY = 4;
				WATCHOS_DEPLOYMENT_TARGET = 5.0;
			};
			name = Debug;
		};
		DEF28D411CADCDDE00D50DC1 /* Release */ = {
			isa = XCBuildConfiguration;
			buildSettings = {
				ALWAYS_EMBED_SWIFT_STANDARD_LIBRARIES = YES;
				ASSETCATALOG_COMPILER_APPICON_NAME = AppIcon;
				CODE_SIGN_ENTITLEMENTS = "Interval WatchKit App/Interval WatchKit App.entitlements";
				CURRENT_PROJECT_VERSION = 19;
				IBSC_MODULE = Interval_WatchKit_Extension;
				INFOPLIST_FILE = "Interval WatchKit App/Info.plist";
				MARKETING_VERSION = 2.1;
				PRODUCT_BUNDLE_IDENTIFIER = com.WesMoore.Interval.watchkitapp;
				PRODUCT_NAME = "$(TARGET_NAME)";
				SDKROOT = watchos;
				SKIP_INSTALL = YES;
				SWIFT_VERSION = 3.0;
				TARGETED_DEVICE_FAMILY = 4;
				WATCHOS_DEPLOYMENT_TARGET = 5.0;
			};
			name = Release;
		};
		DEF28D441CADCDDE00D50DC1 /* Debug */ = {
			isa = XCBuildConfiguration;
			buildSettings = {
				ASSETCATALOG_COMPILER_APPICON_NAME = AppIcon;
				CODE_SIGN_IDENTITY = "iPhone Developer";
				CURRENT_PROJECT_VERSION = 19;
				INFOPLIST_FILE = Interval/Info.plist;
				IPHONEOS_DEPLOYMENT_TARGET = 11.0;
				LD_RUNPATH_SEARCH_PATHS = "$(inherited) @executable_path/Frameworks";
				MARKETING_VERSION = 2.1;
				PRODUCT_BUNDLE_IDENTIFIER = com.WesMoore.Interval;
				PRODUCT_NAME = "$(TARGET_NAME)";
				SWIFT_SWIFT3_OBJC_INFERENCE = Default;
				SWIFT_VERSION = 5.0;
				TARGETED_DEVICE_FAMILY = 1;
			};
			name = Debug;
		};
		DEF28D451CADCDDE00D50DC1 /* Release */ = {
			isa = XCBuildConfiguration;
			buildSettings = {
				ASSETCATALOG_COMPILER_APPICON_NAME = AppIcon;
				CODE_SIGN_IDENTITY = "iPhone Developer";
				CURRENT_PROJECT_VERSION = 19;
				INFOPLIST_FILE = Interval/Info.plist;
				IPHONEOS_DEPLOYMENT_TARGET = 11.0;
				LD_RUNPATH_SEARCH_PATHS = "$(inherited) @executable_path/Frameworks";
				MARKETING_VERSION = 2.1;
				PRODUCT_BUNDLE_IDENTIFIER = com.WesMoore.Interval;
				PRODUCT_NAME = "$(TARGET_NAME)";
				SWIFT_SWIFT3_OBJC_INFERENCE = Default;
				SWIFT_VERSION = 5.0;
				TARGETED_DEVICE_FAMILY = 1;
			};
			name = Release;
		};
		DEF28D471CADCDDE00D50DC1 /* Debug */ = {
			isa = XCBuildConfiguration;
			buildSettings = {
				BUNDLE_LOADER = "$(TEST_HOST)";
				INFOPLIST_FILE = IntervalTests/Info.plist;
				IPHONEOS_DEPLOYMENT_TARGET = 9.0;
				LD_RUNPATH_SEARCH_PATHS = "$(inherited) @executable_path/Frameworks @loader_path/Frameworks";
				PRODUCT_BUNDLE_IDENTIFIER = com.WesMoore.IntervalTests;
				PRODUCT_NAME = "$(TARGET_NAME)";
				SWIFT_SWIFT3_OBJC_INFERENCE = On;
				SWIFT_VERSION = 5.0;
				TEST_HOST = "$(BUILT_PRODUCTS_DIR)/Interval.app/Interval";
			};
			name = Debug;
		};
		DEF28D481CADCDDE00D50DC1 /* Release */ = {
			isa = XCBuildConfiguration;
			buildSettings = {
				BUNDLE_LOADER = "$(TEST_HOST)";
				INFOPLIST_FILE = IntervalTests/Info.plist;
				IPHONEOS_DEPLOYMENT_TARGET = 9.0;
				LD_RUNPATH_SEARCH_PATHS = "$(inherited) @executable_path/Frameworks @loader_path/Frameworks";
				PRODUCT_BUNDLE_IDENTIFIER = com.WesMoore.IntervalTests;
				PRODUCT_NAME = "$(TARGET_NAME)";
				SWIFT_SWIFT3_OBJC_INFERENCE = On;
				SWIFT_VERSION = 5.0;
				TEST_HOST = "$(BUILT_PRODUCTS_DIR)/Interval.app/Interval";
			};
			name = Release;
		};
		DEF28D4A1CADCDDE00D50DC1 /* Debug */ = {
			isa = XCBuildConfiguration;
			buildSettings = {
				INFOPLIST_FILE = IntervalUITests/Info.plist;
				LD_RUNPATH_SEARCH_PATHS = "$(inherited) @executable_path/Frameworks @loader_path/Frameworks";
				PRODUCT_BUNDLE_IDENTIFIER = com.WesMoore.IntervalUITests;
				PRODUCT_NAME = "$(TARGET_NAME)";
				SWIFT_SWIFT3_OBJC_INFERENCE = On;
				SWIFT_VERSION = 5.0;
				TEST_TARGET_NAME = Interval;
			};
			name = Debug;
		};
		DEF28D4B1CADCDDE00D50DC1 /* Release */ = {
			isa = XCBuildConfiguration;
			buildSettings = {
				INFOPLIST_FILE = IntervalUITests/Info.plist;
				LD_RUNPATH_SEARCH_PATHS = "$(inherited) @executable_path/Frameworks @loader_path/Frameworks";
				PRODUCT_BUNDLE_IDENTIFIER = com.WesMoore.IntervalUITests;
				PRODUCT_NAME = "$(TARGET_NAME)";
				SWIFT_SWIFT3_OBJC_INFERENCE = On;
				SWIFT_VERSION = 5.0;
				TEST_TARGET_NAME = Interval;
			};
			name = Release;
		};
/* End XCBuildConfiguration section */

/* Begin XCConfigurationList section */
		DEF28CE91CADCDDE00D50DC1 /* Build configuration list for PBXProject "Interval" */ = {
			isa = XCConfigurationList;
			buildConfigurations = (
				DEF28D391CADCDDE00D50DC1 /* Debug */,
				DEF28D3A1CADCDDE00D50DC1 /* Release */,
			);
			defaultConfigurationIsVisible = 0;
			defaultConfigurationName = Release;
		};
		DEF28D3B1CADCDDE00D50DC1 /* Build configuration list for PBXNativeTarget "Interval WatchKit Extension" */ = {
			isa = XCConfigurationList;
			buildConfigurations = (
				DEF28D3C1CADCDDE00D50DC1 /* Debug */,
				DEF28D3D1CADCDDE00D50DC1 /* Release */,
			);
			defaultConfigurationIsVisible = 0;
			defaultConfigurationName = Release;
		};
		DEF28D3F1CADCDDE00D50DC1 /* Build configuration list for PBXNativeTarget "Interval WatchKit App" */ = {
			isa = XCConfigurationList;
			buildConfigurations = (
				DEF28D401CADCDDE00D50DC1 /* Debug */,
				DEF28D411CADCDDE00D50DC1 /* Release */,
			);
			defaultConfigurationIsVisible = 0;
			defaultConfigurationName = Release;
		};
		DEF28D431CADCDDE00D50DC1 /* Build configuration list for PBXNativeTarget "Interval" */ = {
			isa = XCConfigurationList;
			buildConfigurations = (
				DEF28D441CADCDDE00D50DC1 /* Debug */,
				DEF28D451CADCDDE00D50DC1 /* Release */,
			);
			defaultConfigurationIsVisible = 0;
			defaultConfigurationName = Release;
		};
		DEF28D461CADCDDE00D50DC1 /* Build configuration list for PBXNativeTarget "IntervalTests" */ = {
			isa = XCConfigurationList;
			buildConfigurations = (
				DEF28D471CADCDDE00D50DC1 /* Debug */,
				DEF28D481CADCDDE00D50DC1 /* Release */,
			);
			defaultConfigurationIsVisible = 0;
			defaultConfigurationName = Release;
		};
		DEF28D491CADCDDE00D50DC1 /* Build configuration list for PBXNativeTarget "IntervalUITests" */ = {
			isa = XCConfigurationList;
			buildConfigurations = (
				DEF28D4A1CADCDDE00D50DC1 /* Debug */,
				DEF28D4B1CADCDDE00D50DC1 /* Release */,
			);
			defaultConfigurationIsVisible = 0;
			defaultConfigurationName = Release;
		};
/* End XCConfigurationList section */

/* Begin XCVersionGroup section */
		DE1DFDAC1F34F4F6004D99E3 /* IntrvalDataModel.xcdatamodeld */ = {
			isa = XCVersionGroup;
			children = (
				DE1DFDAD1F34F4F6004D99E3 /* IntrvalDataModel.xcdatamodel */,
			);
			currentVersion = DE1DFDAD1F34F4F6004D99E3 /* IntrvalDataModel.xcdatamodel */;
			path = IntrvalDataModel.xcdatamodeld;
			sourceTree = "<group>";
			versionGroupType = wrapper.xcdatamodel;
		};
/* End XCVersionGroup section */
	};
	rootObject = DEF28CE61CADCDDE00D50DC1 /* Project object */;
}
